PODS:
  - AFNetworking (3.2.1):
    - AFNetworking/NSURLSession (= 3.2.1)
    - AFNetworking/Reachability (= 3.2.1)
    - AFNetworking/Security (= 3.2.1)
    - AFNetworking/Serialization (= 3.2.1)
    - AFNetworking/UIKit (= 3.2.1)
  - AFNetworking/NSURLSession (3.2.1):
    - AFNetworking/Reachability
    - AFNetworking/Security
    - AFNetworking/Serialization
  - AFNetworking/Reachability (3.2.1)
  - AFNetworking/Security (3.2.1)
  - AFNetworking/Serialization (3.2.1)
  - AFNetworking/UIKit (3.2.1):
    - AFNetworking/NSURLSession
  - bls-signatures-pod (0.2.6)
  - DashSync (0.1.0):
    - AFNetworking (~> 3.0)
    - bls-signatures-pod (= 0.2.6)
    - secp256k1_dash (= 0.1.2)
  - KVO-MVVM (0.5.1)
  - secp256k1_dash (0.1.2)

DEPENDENCIES:
  - DashSync (from `../DashSync/`)
  - KVO-MVVM (= 0.5.1)

SPEC REPOS:
  https://github.com/cocoapods/specs.git:
    - AFNetworking
    - bls-signatures-pod
    - KVO-MVVM
    - secp256k1_dash

EXTERNAL SOURCES:
  DashSync:
    :path: "../DashSync/"

SPEC CHECKSUMS:
  AFNetworking: b6f891fdfaed196b46c7a83cf209e09697b94057
  bls-signatures-pod: 8ec9a7bea0f84d467fe00d3d814e1ece5e74ce2b
  DashSync: af381629984e4c684803955217cfb2bd26075433
  KVO-MVVM: 4df3afd1f7ebcb69735458b85db59c4271ada7c6
  secp256k1_dash: 7fdbc23e3e8a27d522ec211b874d97fb091c2b23

PODFILE CHECKSUM: f67d3d73fe0813db682f6ed428893aa8f30d3263

COCOAPODS: 1.5.3
