PODS:
  - DashSync (0.1.0):
    - DashSync/Core (= 0.1.0)
    - secp256k1_dash (= 0.1.0)
  - DashSync/AppExtension (0.1.0):
    - secp256k1_dash (= 0.1.0)
  - DashSync/Core (0.1.0):
    - secp256k1_dash (= 0.1.0)
  - secp256k1_dash (0.1.0)

DEPENDENCIES:
  - DashSync (from `../dashsync-iOS`)
  - DashSync/AppExtension (from `../dashsync-iOS`)

SPEC REPOS:
  https://github.com/cocoapods/specs.git:
    - secp256k1_dash

EXTERNAL SOURCES:
  DashSync:
    :path: "../dashsync-iOS"

SPEC CHECKSUMS:
  DashSync: 0a5ef34159dbefb4774bbad84e532cc9a0bf3ac2
  secp256k1_dash: 16bc4c20423f88dc264db75d5611c9c6a5fd1f77

PODFILE CHECKSUM: 56456296630f5089f69ac6debf559b73ff99986c

COCOAPODS: 1.5.3
