// !$*UTF8*$!
{
	archiveVersion = 1;
	classes = {
	};
	objectVersion = 46;
	objects = {

/* Begin PBXBuildFile section */
		7525B619192453840041C0F2 /* BRNavigationBar.m in Sources */ = {isa = PBXBuildFile; fileRef = 7525B618192453840041C0F2 /* BRNavigationBar.m */; };
		752E289A192349CE00DB5A3C /* BreadWallet.xcdatamodeld in Sources */ = {isa = PBXBuildFile; fileRef = 752E2898192349CE00DB5A3C /* BreadWallet.xcdatamodeld */; };
		752E28AA19234AE300DB5A3C /* BRAddressEntity.m in Sources */ = {isa = PBXBuildFile; fileRef = 752E289F19234AE300DB5A3C /* BRAddressEntity.m */; };
		752E28AB19234AE300DB5A3C /* BRMerkleBlockEntity.m in Sources */ = {isa = PBXBuildFile; fileRef = 752E28A119234AE300DB5A3C /* BRMerkleBlockEntity.m */; };
		752E28AC19234AE300DB5A3C /* BRPeerEntity.m in Sources */ = {isa = PBXBuildFile; fileRef = 752E28A319234AE300DB5A3C /* BRPeerEntity.m */; };
		752E28AD19234AE300DB5A3C /* BRTransactionEntity.m in Sources */ = {isa = PBXBuildFile; fileRef = 752E28A519234AE300DB5A3C /* BRTransactionEntity.m */; };
		752E28AE19234AE300DB5A3C /* BRTxInputEntity.m in Sources */ = {isa = PBXBuildFile; fileRef = 752E28A719234AE300DB5A3C /* BRTxInputEntity.m */; };
		752E28AF19234AE300DB5A3C /* BRTxOutputEntity.m in Sources */ = {isa = PBXBuildFile; fileRef = 752E28A919234AE300DB5A3C /* BRTxOutputEntity.m */; };
		752E28CE19234C3600DB5A3C /* BRBIP32Sequence.m in Sources */ = {isa = PBXBuildFile; fileRef = 752E28B119234C3600DB5A3C /* BRBIP32Sequence.m */; };
		752E28CF19234C3600DB5A3C /* BRBIP39Mnemonic.m in Sources */ = {isa = PBXBuildFile; fileRef = 752E28B319234C3600DB5A3C /* BRBIP39Mnemonic.m */; };
		752E28D019234C3600DB5A3C /* BRBloomFilter.m in Sources */ = {isa = PBXBuildFile; fileRef = 752E28B519234C3600DB5A3C /* BRBloomFilter.m */; };
		752E28D119234C3600DB5A3C /* BRKey.m in Sources */ = {isa = PBXBuildFile; fileRef = 752E28B719234C3600DB5A3C /* BRKey.m */; };
		752E28D219234C3600DB5A3C /* BRKey+BIP38.m in Sources */ = {isa = PBXBuildFile; fileRef = 752E28B919234C3600DB5A3C /* BRKey+BIP38.m */; };
		752E28D319234C3600DB5A3C /* BRMerkleBlock.m in Sources */ = {isa = PBXBuildFile; fileRef = 752E28BC19234C3600DB5A3C /* BRMerkleBlock.m */; };
		752E28D419234C3600DB5A3C /* BRPaymentProtocol.m in Sources */ = {isa = PBXBuildFile; fileRef = 752E28BF19234C3600DB5A3C /* BRPaymentProtocol.m */; };
		752E28D519234C3600DB5A3C /* BRPaymentRequest.m in Sources */ = {isa = PBXBuildFile; fileRef = 752E28C119234C3600DB5A3C /* BRPaymentRequest.m */; };
		752E28D619234C3600DB5A3C /* BRPeer.m in Sources */ = {isa = PBXBuildFile; fileRef = 752E28C319234C3600DB5A3C /* BRPeer.m */; };
		752E28D819234C3600DB5A3C /* BRPeerManager.m in Sources */ = {isa = PBXBuildFile; fileRef = 752E28C719234C3600DB5A3C /* BRPeerManager.m */; };
		752E28D919234C3600DB5A3C /* BRTransaction.m in Sources */ = {isa = PBXBuildFile; fileRef = 752E28C919234C3600DB5A3C /* BRTransaction.m */; };
		752E28DA19234C3600DB5A3C /* BRWallet.m in Sources */ = {isa = PBXBuildFile; fileRef = 752E28CB19234C3600DB5A3C /* BRWallet.m */; };
		752E28DB19234C3600DB5A3C /* BRWalletManager.m in Sources */ = {isa = PBXBuildFile; fileRef = 752E28CD19234C3600DB5A3C /* BRWalletManager.m */; };
		752E28E719234DA200DB5A3C /* NSData+Bitcoin.m in Sources */ = {isa = PBXBuildFile; fileRef = 752E28DE19234DA200DB5A3C /* NSData+Bitcoin.m */; };
		752E28E919234DA200DB5A3C /* NSManagedObject+Sugar.m in Sources */ = {isa = PBXBuildFile; fileRef = 752E28E219234DA200DB5A3C /* NSManagedObject+Sugar.m */; };
		752E28EA19234DA200DB5A3C /* NSMutableData+Bitcoin.m in Sources */ = {isa = PBXBuildFile; fileRef = 752E28E419234DA200DB5A3C /* NSMutableData+Bitcoin.m */; };
		752E28EB19234DA200DB5A3C /* NSString+Bitcoin.m in Sources */ = {isa = PBXBuildFile; fileRef = 752E28E619234DA200DB5A3C /* NSString+Bitcoin.m */; };
		752E28F119234E8100DB5A3C /* Reachability.m in Sources */ = {isa = PBXBuildFile; fileRef = 752E28F019234E8100DB5A3C /* Reachability.m */; settings = {COMPILER_FLAGS = "-w"; }; };
		752E28F719235B3000DB5A3C /* FixedPeers.plist in Resources */ = {isa = PBXBuildFile; fileRef = 752E28F519235B3000DB5A3C /* FixedPeers.plist */; };
		7548CF3719556FD700EF827F /* BRCopyLabel.m in Sources */ = {isa = PBXBuildFile; fileRef = 7548CF3619556FD700EF827F /* BRCopyLabel.m */; };
		75767C421A0EC6F9003E7DE9 /* UIImage+Blur.m in Sources */ = {isa = PBXBuildFile; fileRef = 75767C411A0EC6F9003E7DE9 /* UIImage+Blur.m */; };
		757BE7E3192C0E9D0061CB20 /* BRRestoreViewController.m in Sources */ = {isa = PBXBuildFile; fileRef = 757BE7E2192C0E9D0061CB20 /* BRRestoreViewController.m */; };
		757BE7E6192C1FF70061CB20 /* BRWelcomeViewController.m in Sources */ = {isa = PBXBuildFile; fileRef = 757BE7E5192C1FF70061CB20 /* BRWelcomeViewController.m */; };
		757BE7E9192D4E880061CB20 /* BRSeedViewController.m in Sources */ = {isa = PBXBuildFile; fileRef = 757BE7E8192D4E880061CB20 /* BRSeedViewController.m */; };
		757C89521A2FCE420076B373 /* BRSettingsViewController.m in Sources */ = {isa = PBXBuildFile; fileRef = 757C89511A2FCE420076B373 /* BRSettingsViewController.m */; };
		757E09991ADB8EEB006FD352 /* Localizable.strings in Resources */ = {isa = PBXBuildFile; fileRef = 757E09971ADB8EEB006FD352 /* Localizable.strings */; };
		75878BBF192ACD46002505AB /* BRAmountViewController.m in Sources */ = {isa = PBXBuildFile; fileRef = 75878BBE192ACD46002505AB /* BRAmountViewController.m */; };
		75878BC1192AEC3F002505AB /* BRReceiveViewController.m in Sources */ = {isa = PBXBuildFile; fileRef = 75878BC0192AEC3F002505AB /* BRReceiveViewController.m */; };
		75878BC3192AED38002505AB /* MessageUI.framework in Frameworks */ = {isa = PBXBuildFile; fileRef = 75878BC2192AED38002505AB /* MessageUI.framework */; };
		75878BC6192B1AF0002505AB /* BRTxHistoryViewController.m in Sources */ = {isa = PBXBuildFile; fileRef = 75878BC5192B1AF0002505AB /* BRTxHistoryViewController.m */; };
		758DBD0E1980634900389E2A /* BRTxDetailViewController.m in Sources */ = {isa = PBXBuildFile; fileRef = 758DBD0D1980634900389E2A /* BRTxDetailViewController.m */; };
		759816E719357D6F005060EA /* BRBubbleView.m in Sources */ = {isa = PBXBuildFile; fileRef = 759816E619357D6F005060EA /* BRBubbleView.m */; };
		759FBB36193290F600AB4465 /* BRRootViewController.m in Sources */ = {isa = PBXBuildFile; fileRef = 759FBB33193290F600AB4465 /* BRRootViewController.m */; };
		759FBB37193290F600AB4465 /* BRSendViewController.m in Sources */ = {isa = PBXBuildFile; fileRef = 759FBB35193290F600AB4465 /* BRSendViewController.m */; };
		75AA5F55194143D5003F23BD /* BRBouncyBurgerButton.m in Sources */ = {isa = PBXBuildFile; fileRef = 75AA5F54194143D5003F23BD /* BRBouncyBurgerButton.m */; };
		75C0E3BF1B1BA294007BC531 /* BIP39Words.plist in Resources */ = {isa = PBXBuildFile; fileRef = 75C0E3C11B1BA294007BC531 /* BIP39Words.plist */; };
		75D5F3C2191EC270004AB296 /* Foundation.framework in Frameworks */ = {isa = PBXBuildFile; fileRef = 75D5F3C1191EC270004AB296 /* Foundation.framework */; };
		75D5F3C4191EC270004AB296 /* CoreGraphics.framework in Frameworks */ = {isa = PBXBuildFile; fileRef = 75D5F3C3191EC270004AB296 /* CoreGraphics.framework */; };
		75D5F3C6191EC270004AB296 /* UIKit.framework in Frameworks */ = {isa = PBXBuildFile; fileRef = 75D5F3C5191EC270004AB296 /* UIKit.framework */; };
		75D5F3CC191EC270004AB296 /* InfoPlist.strings in Resources */ = {isa = PBXBuildFile; fileRef = 75D5F3CA191EC270004AB296 /* InfoPlist.strings */; };
		75D5F3CE191EC270004AB296 /* main.m in Sources */ = {isa = PBXBuildFile; fileRef = 75D5F3CD191EC270004AB296 /* main.m */; };
		75D5F3D2191EC270004AB296 /* BRAppDelegate.m in Sources */ = {isa = PBXBuildFile; fileRef = 75D5F3D1191EC270004AB296 /* BRAppDelegate.m */; };
		75D5F3DE191EC270004AB296 /* Main.storyboard in Resources */ = {isa = PBXBuildFile; fileRef = 75D5F3DC191EC270004AB296 /* Main.storyboard */; };
		75D5F3E0191EC270004AB296 /* Images.xcassets in Resources */ = {isa = PBXBuildFile; fileRef = 75D5F3DF191EC270004AB296 /* Images.xcassets */; };
		75D5F3E7191EC270004AB296 /* XCTest.framework in Frameworks */ = {isa = PBXBuildFile; fileRef = 75D5F3E6191EC270004AB296 /* XCTest.framework */; };
		75D5F3E8191EC270004AB296 /* Foundation.framework in Frameworks */ = {isa = PBXBuildFile; fileRef = 75D5F3C1191EC270004AB296 /* Foundation.framework */; };
		75D5F3E9191EC270004AB296 /* UIKit.framework in Frameworks */ = {isa = PBXBuildFile; fileRef = 75D5F3C5191EC270004AB296 /* UIKit.framework */; };
		75D5F3F1191EC270004AB296 /* InfoPlist.strings in Resources */ = {isa = PBXBuildFile; fileRef = 75D5F3EF191EC270004AB296 /* InfoPlist.strings */; };
		75D5F3F3191EC270004AB296 /* BreadWalletTests.m in Sources */ = {isa = PBXBuildFile; fileRef = 75D5F3F2191EC270004AB296 /* BreadWalletTests.m */; };
		84F68C8A1975E9E2002FC300 /* BRScanViewController.m in Sources */ = {isa = PBXBuildFile; fileRef = 84F68C891975E9E2002FC300 /* BRScanViewController.m */; };
/* End PBXBuildFile section */

/* Begin PBXContainerItemProxy section */
		757FC2521ADA30D100A1FDF7 /* PBXContainerItemProxy */ = {
			isa = PBXContainerItemProxy;
			containerPortal = 75D5F3B6191EC270004AB296 /* Project object */;
			proxyType = 1;
			remoteGlobalIDString = 75001D3D1A1EE89500585F55;
			remoteInfo = submodules;
		};
		75D5F3EA191EC270004AB296 /* PBXContainerItemProxy */ = {
			isa = PBXContainerItemProxy;
			containerPortal = 75D5F3B6191EC270004AB296 /* Project object */;
			proxyType = 1;
			remoteGlobalIDString = 75D5F3BD191EC270004AB296;
			remoteInfo = BreadWallet;
		};
/* End PBXContainerItemProxy section */

/* Begin PBXFileReference section */
		7509C10C1AF3076000D03FD5 /* zh-Hans */ = {isa = PBXFileReference; lastKnownFileType = text.plist.strings; name = "zh-Hans"; path = "zh-Hans.lproj/Main.strings"; sourceTree = "<group>"; };
		7509C10D1AF3076000D03FD5 /* zh-Hans */ = {isa = PBXFileReference; lastKnownFileType = text.plist.strings; name = "zh-Hans"; path = "zh-Hans.lproj/InfoPlist.strings"; sourceTree = "<group>"; };
		7509C10E1AF3076100D03FD5 /* zh-Hans */ = {isa = PBXFileReference; lastKnownFileType = text.plist.strings; name = "zh-Hans"; path = "zh-Hans.lproj/Localizable.strings"; sourceTree = "<group>"; };
		7509C10F1AF3076100D03FD5 /* zh-Hans */ = {isa = PBXFileReference; lastKnownFileType = text.plist.strings; name = "zh-Hans"; path = "zh-Hans.lproj/InfoPlist.strings"; sourceTree = "<group>"; };
		7509C1101AF3720100D03FD5 /* es */ = {isa = PBXFileReference; lastKnownFileType = text.plist.strings; name = es; path = es.lproj/Main.strings; sourceTree = "<group>"; };
		7509C1111AF3720100D03FD5 /* es */ = {isa = PBXFileReference; lastKnownFileType = text.plist.strings; name = es; path = es.lproj/InfoPlist.strings; sourceTree = "<group>"; };
		7509C1121AF3720100D03FD5 /* es */ = {isa = PBXFileReference; lastKnownFileType = text.plist.strings; name = es; path = es.lproj/Localizable.strings; sourceTree = "<group>"; };
		7509C1131AF3720100D03FD5 /* es */ = {isa = PBXFileReference; lastKnownFileType = text.plist.strings; name = es; path = es.lproj/InfoPlist.strings; sourceTree = "<group>"; };
		750BF6C71AEB2417004D9893 /* hu */ = {isa = PBXFileReference; lastKnownFileType = text.plist.strings; name = hu; path = hu.lproj/Main.strings; sourceTree = "<group>"; };
		750BF6C81AEB2417004D9893 /* hu */ = {isa = PBXFileReference; lastKnownFileType = text.plist.strings; name = hu; path = hu.lproj/InfoPlist.strings; sourceTree = "<group>"; };
		750BF6C91AEB2417004D9893 /* hu */ = {isa = PBXFileReference; lastKnownFileType = text.plist.strings; name = hu; path = hu.lproj/Localizable.strings; sourceTree = "<group>"; };
		750BF6CA1AEB2417004D9893 /* hu */ = {isa = PBXFileReference; lastKnownFileType = text.plist.strings; name = hu; path = hu.lproj/InfoPlist.strings; sourceTree = "<group>"; };
		7511E8C91AE5FF240025F1B3 /* fr */ = {isa = PBXFileReference; lastKnownFileType = text.plist.strings; name = fr; path = fr.lproj/Main.strings; sourceTree = "<group>"; };
		7511E8CA1AE5FF240025F1B3 /* fr */ = {isa = PBXFileReference; lastKnownFileType = text.plist.strings; name = fr; path = fr.lproj/InfoPlist.strings; sourceTree = "<group>"; };
		7511E8CB1AE5FF240025F1B3 /* fr */ = {isa = PBXFileReference; lastKnownFileType = text.plist.strings; name = fr; path = fr.lproj/Localizable.strings; sourceTree = "<group>"; };
		7511E8CC1AE5FF240025F1B3 /* fr */ = {isa = PBXFileReference; lastKnownFileType = text.plist.strings; name = fr; path = fr.lproj/InfoPlist.strings; sourceTree = "<group>"; };
		7511E8CD1AE5FF2D0025F1B3 /* ja */ = {isa = PBXFileReference; lastKnownFileType = text.plist.strings; name = ja; path = ja.lproj/Main.strings; sourceTree = "<group>"; };
		7511E8CE1AE5FF2D0025F1B3 /* ja */ = {isa = PBXFileReference; lastKnownFileType = text.plist.strings; name = ja; path = ja.lproj/InfoPlist.strings; sourceTree = "<group>"; };
		7511E8CF1AE5FF2D0025F1B3 /* ja */ = {isa = PBXFileReference; lastKnownFileType = text.plist.strings; name = ja; path = ja.lproj/Localizable.strings; sourceTree = "<group>"; };
		7511E8D01AE5FF2D0025F1B3 /* ja */ = {isa = PBXFileReference; lastKnownFileType = text.plist.strings; name = ja; path = ja.lproj/InfoPlist.strings; sourceTree = "<group>"; };
		7511E8D11AE5FF390025F1B3 /* ko */ = {isa = PBXFileReference; lastKnownFileType = text.plist.strings; name = ko; path = ko.lproj/Main.strings; sourceTree = "<group>"; };
		7511E8D21AE5FF390025F1B3 /* ko */ = {isa = PBXFileReference; lastKnownFileType = text.plist.strings; name = ko; path = ko.lproj/InfoPlist.strings; sourceTree = "<group>"; };
		7511E8D31AE5FF390025F1B3 /* ko */ = {isa = PBXFileReference; lastKnownFileType = text.plist.strings; name = ko; path = ko.lproj/Localizable.strings; sourceTree = "<group>"; };
		7511E8D41AE5FF390025F1B3 /* ko */ = {isa = PBXFileReference; lastKnownFileType = text.plist.strings; name = ko; path = ko.lproj/InfoPlist.strings; sourceTree = "<group>"; };
		7511E8D51AE5FF410025F1B3 /* nb */ = {isa = PBXFileReference; lastKnownFileType = text.plist.strings; name = nb; path = nb.lproj/Main.strings; sourceTree = "<group>"; };
		7511E8D61AE5FF410025F1B3 /* nb */ = {isa = PBXFileReference; lastKnownFileType = text.plist.strings; name = nb; path = nb.lproj/InfoPlist.strings; sourceTree = "<group>"; };
		7511E8D71AE5FF410025F1B3 /* nb */ = {isa = PBXFileReference; lastKnownFileType = text.plist.strings; name = nb; path = nb.lproj/Localizable.strings; sourceTree = "<group>"; };
		7511E8D81AE5FF410025F1B3 /* nb */ = {isa = PBXFileReference; lastKnownFileType = text.plist.strings; name = nb; path = nb.lproj/InfoPlist.strings; sourceTree = "<group>"; };
		7511E8DD1AE5FFB50025F1B3 /* sq */ = {isa = PBXFileReference; lastKnownFileType = text.plist.strings; name = sq; path = sq.lproj/Main.strings; sourceTree = "<group>"; };
		7511E8DE1AE5FFB50025F1B3 /* sq */ = {isa = PBXFileReference; lastKnownFileType = text.plist.strings; name = sq; path = sq.lproj/InfoPlist.strings; sourceTree = "<group>"; };
		7511E8DF1AE5FFB50025F1B3 /* sq */ = {isa = PBXFileReference; lastKnownFileType = text.plist.strings; name = sq; path = sq.lproj/Localizable.strings; sourceTree = "<group>"; };
		7511E8E01AE5FFB50025F1B3 /* sq */ = {isa = PBXFileReference; lastKnownFileType = text.plist.strings; name = sq; path = sq.lproj/InfoPlist.strings; sourceTree = "<group>"; };
		7511E8E11AE5FFCC0025F1B3 /* nl */ = {isa = PBXFileReference; lastKnownFileType = text.plist.strings; name = nl; path = nl.lproj/Main.strings; sourceTree = "<group>"; };
		7511E8E21AE5FFCC0025F1B3 /* nl */ = {isa = PBXFileReference; lastKnownFileType = text.plist.strings; name = nl; path = nl.lproj/InfoPlist.strings; sourceTree = "<group>"; };
		7511E8E31AE5FFCC0025F1B3 /* nl */ = {isa = PBXFileReference; lastKnownFileType = text.plist.strings; name = nl; path = nl.lproj/Localizable.strings; sourceTree = "<group>"; };
		7511E8E41AE5FFCC0025F1B3 /* nl */ = {isa = PBXFileReference; lastKnownFileType = text.plist.strings; name = nl; path = nl.lproj/InfoPlist.strings; sourceTree = "<group>"; };
		7511E8E51AE5FFD70025F1B3 /* da */ = {isa = PBXFileReference; lastKnownFileType = text.plist.strings; name = da; path = da.lproj/Main.strings; sourceTree = "<group>"; };
		7511E8E61AE5FFD70025F1B3 /* da */ = {isa = PBXFileReference; lastKnownFileType = text.plist.strings; name = da; path = da.lproj/InfoPlist.strings; sourceTree = "<group>"; };
		7511E8E71AE5FFD70025F1B3 /* da */ = {isa = PBXFileReference; lastKnownFileType = text.plist.strings; name = da; path = da.lproj/Localizable.strings; sourceTree = "<group>"; };
		7511E8E81AE5FFD70025F1B3 /* da */ = {isa = PBXFileReference; lastKnownFileType = text.plist.strings; name = da; path = da.lproj/InfoPlist.strings; sourceTree = "<group>"; };
		7511E8E91AE600220025F1B3 /* de */ = {isa = PBXFileReference; lastKnownFileType = text.plist.strings; name = de; path = de.lproj/Main.strings; sourceTree = "<group>"; };
		7511E8EA1AE600220025F1B3 /* de */ = {isa = PBXFileReference; lastKnownFileType = text.plist.strings; name = de; path = de.lproj/InfoPlist.strings; sourceTree = "<group>"; };
		7511E8EB1AE600220025F1B3 /* de */ = {isa = PBXFileReference; lastKnownFileType = text.plist.strings; name = de; path = de.lproj/Localizable.strings; sourceTree = "<group>"; };
		7511E8EC1AE600220025F1B3 /* de */ = {isa = PBXFileReference; lastKnownFileType = text.plist.strings; name = de; path = de.lproj/InfoPlist.strings; sourceTree = "<group>"; };
		7525B617192453840041C0F2 /* BRNavigationBar.h */ = {isa = PBXFileReference; fileEncoding = 4; lastKnownFileType = sourcecode.c.h; path = BRNavigationBar.h; sourceTree = "<group>"; };
		7525B618192453840041C0F2 /* BRNavigationBar.m */ = {isa = PBXFileReference; fileEncoding = 4; lastKnownFileType = sourcecode.c.objc; path = BRNavigationBar.m; sourceTree = "<group>"; };
		752E2899192349CE00DB5A3C /* BreadWallet.xcdatamodel */ = {isa = PBXFileReference; lastKnownFileType = wrapper.xcdatamodel; path = BreadWallet.xcdatamodel; sourceTree = "<group>"; };
		752E289E19234AE300DB5A3C /* BRAddressEntity.h */ = {isa = PBXFileReference; fileEncoding = 4; lastKnownFileType = sourcecode.c.h; path = BRAddressEntity.h; sourceTree = "<group>"; };
		752E289F19234AE300DB5A3C /* BRAddressEntity.m */ = {isa = PBXFileReference; fileEncoding = 4; lastKnownFileType = sourcecode.c.objc; path = BRAddressEntity.m; sourceTree = "<group>"; };
		752E28A019234AE300DB5A3C /* BRMerkleBlockEntity.h */ = {isa = PBXFileReference; fileEncoding = 4; lastKnownFileType = sourcecode.c.h; path = BRMerkleBlockEntity.h; sourceTree = "<group>"; };
		752E28A119234AE300DB5A3C /* BRMerkleBlockEntity.m */ = {isa = PBXFileReference; fileEncoding = 4; lastKnownFileType = sourcecode.c.objc; path = BRMerkleBlockEntity.m; sourceTree = "<group>"; };
		752E28A219234AE300DB5A3C /* BRPeerEntity.h */ = {isa = PBXFileReference; fileEncoding = 4; lastKnownFileType = sourcecode.c.h; path = BRPeerEntity.h; sourceTree = "<group>"; };
		752E28A319234AE300DB5A3C /* BRPeerEntity.m */ = {isa = PBXFileReference; fileEncoding = 4; lastKnownFileType = sourcecode.c.objc; path = BRPeerEntity.m; sourceTree = "<group>"; };
		752E28A419234AE300DB5A3C /* BRTransactionEntity.h */ = {isa = PBXFileReference; fileEncoding = 4; lastKnownFileType = sourcecode.c.h; path = BRTransactionEntity.h; sourceTree = "<group>"; };
		752E28A519234AE300DB5A3C /* BRTransactionEntity.m */ = {isa = PBXFileReference; fileEncoding = 4; lastKnownFileType = sourcecode.c.objc; path = BRTransactionEntity.m; sourceTree = "<group>"; };
		752E28A619234AE300DB5A3C /* BRTxInputEntity.h */ = {isa = PBXFileReference; fileEncoding = 4; lastKnownFileType = sourcecode.c.h; path = BRTxInputEntity.h; sourceTree = "<group>"; };
		752E28A719234AE300DB5A3C /* BRTxInputEntity.m */ = {isa = PBXFileReference; fileEncoding = 4; lastKnownFileType = sourcecode.c.objc; path = BRTxInputEntity.m; sourceTree = "<group>"; };
		752E28A819234AE300DB5A3C /* BRTxOutputEntity.h */ = {isa = PBXFileReference; fileEncoding = 4; lastKnownFileType = sourcecode.c.h; path = BRTxOutputEntity.h; sourceTree = "<group>"; };
		752E28A919234AE300DB5A3C /* BRTxOutputEntity.m */ = {isa = PBXFileReference; fileEncoding = 4; lastKnownFileType = sourcecode.c.objc; path = BRTxOutputEntity.m; sourceTree = "<group>"; };
		752E28B119234C3600DB5A3C /* BRBIP32Sequence.m */ = {isa = PBXFileReference; fileEncoding = 4; lastKnownFileType = sourcecode.c.objc; path = BRBIP32Sequence.m; sourceTree = "<group>"; };
		752E28B219234C3600DB5A3C /* BRBIP39Mnemonic.h */ = {isa = PBXFileReference; fileEncoding = 4; lastKnownFileType = sourcecode.c.h; path = BRBIP39Mnemonic.h; sourceTree = "<group>"; };
		752E28B319234C3600DB5A3C /* BRBIP39Mnemonic.m */ = {isa = PBXFileReference; fileEncoding = 4; lastKnownFileType = sourcecode.c.objc; path = BRBIP39Mnemonic.m; sourceTree = "<group>"; };
		752E28B419234C3600DB5A3C /* BRBloomFilter.h */ = {isa = PBXFileReference; fileEncoding = 4; lastKnownFileType = sourcecode.c.h; path = BRBloomFilter.h; sourceTree = "<group>"; };
		752E28B519234C3600DB5A3C /* BRBloomFilter.m */ = {isa = PBXFileReference; fileEncoding = 4; lastKnownFileType = sourcecode.c.objc; path = BRBloomFilter.m; sourceTree = "<group>"; };
		752E28B619234C3600DB5A3C /* BRKey.h */ = {isa = PBXFileReference; fileEncoding = 4; lastKnownFileType = sourcecode.c.h; path = BRKey.h; sourceTree = "<group>"; };
		752E28B719234C3600DB5A3C /* BRKey.m */ = {isa = PBXFileReference; fileEncoding = 4; lastKnownFileType = sourcecode.c.objc; path = BRKey.m; sourceTree = "<group>"; };
		752E28B819234C3600DB5A3C /* BRKey+BIP38.h */ = {isa = PBXFileReference; fileEncoding = 4; lastKnownFileType = sourcecode.c.h; path = "BRKey+BIP38.h"; sourceTree = "<group>"; };
		752E28B919234C3600DB5A3C /* BRKey+BIP38.m */ = {isa = PBXFileReference; fileEncoding = 4; lastKnownFileType = sourcecode.c.objc; path = "BRKey+BIP38.m"; sourceTree = "<group>"; };
		752E28BA19234C3600DB5A3C /* BRKeySequence.h */ = {isa = PBXFileReference; fileEncoding = 4; lastKnownFileType = sourcecode.c.h; path = BRKeySequence.h; sourceTree = "<group>"; };
		752E28BB19234C3600DB5A3C /* BRMerkleBlock.h */ = {isa = PBXFileReference; fileEncoding = 4; lastKnownFileType = sourcecode.c.h; path = BRMerkleBlock.h; sourceTree = "<group>"; };
		752E28BC19234C3600DB5A3C /* BRMerkleBlock.m */ = {isa = PBXFileReference; fileEncoding = 4; lastKnownFileType = sourcecode.c.objc; path = BRMerkleBlock.m; sourceTree = "<group>"; };
		752E28BD19234C3600DB5A3C /* BRMnemonic.h */ = {isa = PBXFileReference; fileEncoding = 4; lastKnownFileType = sourcecode.c.h; path = BRMnemonic.h; sourceTree = "<group>"; };
		752E28BE19234C3600DB5A3C /* BRPaymentProtocol.h */ = {isa = PBXFileReference; fileEncoding = 4; lastKnownFileType = sourcecode.c.h; path = BRPaymentProtocol.h; sourceTree = "<group>"; };
		752E28BF19234C3600DB5A3C /* BRPaymentProtocol.m */ = {isa = PBXFileReference; fileEncoding = 4; lastKnownFileType = sourcecode.c.objc; path = BRPaymentProtocol.m; sourceTree = "<group>"; };
		752E28C019234C3600DB5A3C /* BRPaymentRequest.h */ = {isa = PBXFileReference; fileEncoding = 4; lastKnownFileType = sourcecode.c.h; path = BRPaymentRequest.h; sourceTree = "<group>"; };
		752E28C119234C3600DB5A3C /* BRPaymentRequest.m */ = {isa = PBXFileReference; fileEncoding = 4; lastKnownFileType = sourcecode.c.objc; lineEnding = 0; path = BRPaymentRequest.m; sourceTree = "<group>"; xcLanguageSpecificationIdentifier = xcode.lang.objc; };
		752E28C219234C3600DB5A3C /* BRPeer.h */ = {isa = PBXFileReference; fileEncoding = 4; lastKnownFileType = sourcecode.c.h; path = BRPeer.h; sourceTree = "<group>"; };
		752E28C319234C3600DB5A3C /* BRPeer.m */ = {isa = PBXFileReference; fileEncoding = 4; lastKnownFileType = sourcecode.c.objc; lineEnding = 0; path = BRPeer.m; sourceTree = "<group>"; xcLanguageSpecificationIdentifier = xcode.lang.objc; };
		752E28C619234C3600DB5A3C /* BRPeerManager.h */ = {isa = PBXFileReference; fileEncoding = 4; lastKnownFileType = sourcecode.c.h; path = BRPeerManager.h; sourceTree = "<group>"; };
		752E28C719234C3600DB5A3C /* BRPeerManager.m */ = {isa = PBXFileReference; fileEncoding = 4; lastKnownFileType = sourcecode.c.objc; lineEnding = 0; path = BRPeerManager.m; sourceTree = "<group>"; xcLanguageSpecificationIdentifier = xcode.lang.objc; };
		752E28C819234C3600DB5A3C /* BRTransaction.h */ = {isa = PBXFileReference; fileEncoding = 4; lastKnownFileType = sourcecode.c.h; path = BRTransaction.h; sourceTree = "<group>"; };
		752E28C919234C3600DB5A3C /* BRTransaction.m */ = {isa = PBXFileReference; fileEncoding = 4; lastKnownFileType = sourcecode.c.objc; path = BRTransaction.m; sourceTree = "<group>"; };
		752E28CA19234C3600DB5A3C /* BRWallet.h */ = {isa = PBXFileReference; fileEncoding = 4; lastKnownFileType = sourcecode.c.h; path = BRWallet.h; sourceTree = "<group>"; };
		752E28CB19234C3600DB5A3C /* BRWallet.m */ = {isa = PBXFileReference; fileEncoding = 4; lastKnownFileType = sourcecode.c.objc; path = BRWallet.m; sourceTree = "<group>"; };
		752E28CC19234C3600DB5A3C /* BRWalletManager.h */ = {isa = PBXFileReference; fileEncoding = 4; lastKnownFileType = sourcecode.c.h; path = BRWalletManager.h; sourceTree = "<group>"; };
		752E28CD19234C3600DB5A3C /* BRWalletManager.m */ = {isa = PBXFileReference; fileEncoding = 4; lastKnownFileType = sourcecode.c.objc; path = BRWalletManager.m; sourceTree = "<group>"; };
		752E28DC19234D1000DB5A3C /* BRBIP32Sequence.h */ = {isa = PBXFileReference; lastKnownFileType = sourcecode.c.h; path = BRBIP32Sequence.h; sourceTree = "<group>"; };
		752E28DD19234DA200DB5A3C /* NSData+Bitcoin.h */ = {isa = PBXFileReference; fileEncoding = 4; lastKnownFileType = sourcecode.c.h; path = "NSData+Bitcoin.h"; sourceTree = "<group>"; };
		752E28DE19234DA200DB5A3C /* NSData+Bitcoin.m */ = {isa = PBXFileReference; fileEncoding = 4; lastKnownFileType = sourcecode.c.objc; path = "NSData+Bitcoin.m"; sourceTree = "<group>"; };
		752E28E119234DA200DB5A3C /* NSManagedObject+Sugar.h */ = {isa = PBXFileReference; fileEncoding = 4; lastKnownFileType = sourcecode.c.h; path = "NSManagedObject+Sugar.h"; sourceTree = "<group>"; };
		752E28E219234DA200DB5A3C /* NSManagedObject+Sugar.m */ = {isa = PBXFileReference; fileEncoding = 4; lastKnownFileType = sourcecode.c.objc; path = "NSManagedObject+Sugar.m"; sourceTree = "<group>"; };
		752E28E319234DA200DB5A3C /* NSMutableData+Bitcoin.h */ = {isa = PBXFileReference; fileEncoding = 4; lastKnownFileType = sourcecode.c.h; path = "NSMutableData+Bitcoin.h"; sourceTree = "<group>"; };
		752E28E419234DA200DB5A3C /* NSMutableData+Bitcoin.m */ = {isa = PBXFileReference; fileEncoding = 4; lastKnownFileType = sourcecode.c.objc; path = "NSMutableData+Bitcoin.m"; sourceTree = "<group>"; };
		752E28E519234DA200DB5A3C /* NSString+Bitcoin.h */ = {isa = PBXFileReference; fileEncoding = 4; lastKnownFileType = sourcecode.c.h; path = "NSString+Bitcoin.h"; sourceTree = "<group>"; };
		752E28E619234DA200DB5A3C /* NSString+Bitcoin.m */ = {isa = PBXFileReference; fileEncoding = 4; lastKnownFileType = sourcecode.c.objc; path = "NSString+Bitcoin.m"; sourceTree = "<group>"; };
		752E28EF19234E8100DB5A3C /* Reachability.h */ = {isa = PBXFileReference; fileEncoding = 4; lastKnownFileType = sourcecode.c.h; path = Reachability.h; sourceTree = SOURCE_ROOT; };
		752E28F019234E8100DB5A3C /* Reachability.m */ = {isa = PBXFileReference; fileEncoding = 4; lastKnownFileType = sourcecode.c.objc; path = Reachability.m; sourceTree = SOURCE_ROOT; };
		752E28F519235B3000DB5A3C /* FixedPeers.plist */ = {isa = PBXFileReference; fileEncoding = 4; lastKnownFileType = text.plist.xml; path = FixedPeers.plist; sourceTree = "<group>"; };
		7548CF3519556FD700EF827F /* BRCopyLabel.h */ = {isa = PBXFileReference; fileEncoding = 4; lastKnownFileType = sourcecode.c.h; path = BRCopyLabel.h; sourceTree = "<group>"; };
		7548CF3619556FD700EF827F /* BRCopyLabel.m */ = {isa = PBXFileReference; fileEncoding = 4; lastKnownFileType = sourcecode.c.objc; path = BRCopyLabel.m; sourceTree = "<group>"; };
		75767C401A0EC6F9003E7DE9 /* UIImage+Blur.h */ = {isa = PBXFileReference; fileEncoding = 4; lastKnownFileType = sourcecode.c.h; path = "UIImage+Blur.h"; sourceTree = "<group>"; };
		75767C411A0EC6F9003E7DE9 /* UIImage+Blur.m */ = {isa = PBXFileReference; fileEncoding = 4; lastKnownFileType = sourcecode.c.objc; path = "UIImage+Blur.m"; sourceTree = "<group>"; };
		757BE7E1192C0E9D0061CB20 /* BRRestoreViewController.h */ = {isa = PBXFileReference; fileEncoding = 4; lastKnownFileType = sourcecode.c.h; path = BRRestoreViewController.h; sourceTree = "<group>"; };
		757BE7E2192C0E9D0061CB20 /* BRRestoreViewController.m */ = {isa = PBXFileReference; fileEncoding = 4; lastKnownFileType = sourcecode.c.objc; lineEnding = 0; path = BRRestoreViewController.m; sourceTree = "<group>"; xcLanguageSpecificationIdentifier = xcode.lang.objc; };
		757BE7E4192C1FF70061CB20 /* BRWelcomeViewController.h */ = {isa = PBXFileReference; fileEncoding = 4; lastKnownFileType = sourcecode.c.h; path = BRWelcomeViewController.h; sourceTree = "<group>"; };
		757BE7E5192C1FF70061CB20 /* BRWelcomeViewController.m */ = {isa = PBXFileReference; fileEncoding = 4; lastKnownFileType = sourcecode.c.objc; path = BRWelcomeViewController.m; sourceTree = "<group>"; };
		757BE7E7192D4E880061CB20 /* BRSeedViewController.h */ = {isa = PBXFileReference; fileEncoding = 4; lastKnownFileType = sourcecode.c.h; path = BRSeedViewController.h; sourceTree = "<group>"; };
		757BE7E8192D4E880061CB20 /* BRSeedViewController.m */ = {isa = PBXFileReference; fileEncoding = 4; lastKnownFileType = sourcecode.c.objc; path = BRSeedViewController.m; sourceTree = "<group>"; };
		757C89501A2FCE420076B373 /* BRSettingsViewController.h */ = {isa = PBXFileReference; fileEncoding = 4; lastKnownFileType = sourcecode.c.h; path = BRSettingsViewController.h; sourceTree = "<group>"; };
		757C89511A2FCE420076B373 /* BRSettingsViewController.m */ = {isa = PBXFileReference; fileEncoding = 4; lastKnownFileType = sourcecode.c.objc; path = BRSettingsViewController.m; sourceTree = "<group>"; };
		757E09961ADB8E16006FD352 /* en */ = {isa = PBXFileReference; lastKnownFileType = text.plist.strings; name = en; path = en.lproj/Main.strings; sourceTree = "<group>"; };
		757E09981ADB8EEB006FD352 /* en */ = {isa = PBXFileReference; fileEncoding = 4; lastKnownFileType = text.plist.strings; name = en; path = en.lproj/Localizable.strings; sourceTree = "<group>"; };
		75878BBD192ACD46002505AB /* BRAmountViewController.h */ = {isa = PBXFileReference; fileEncoding = 4; lastKnownFileType = sourcecode.c.h; path = BRAmountViewController.h; sourceTree = "<group>"; };
		75878BBE192ACD46002505AB /* BRAmountViewController.m */ = {isa = PBXFileReference; fileEncoding = 4; lastKnownFileType = sourcecode.c.objc; lineEnding = 0; path = BRAmountViewController.m; sourceTree = "<group>"; xcLanguageSpecificationIdentifier = xcode.lang.objc; };
		75878BC0192AEC3F002505AB /* BRReceiveViewController.m */ = {isa = PBXFileReference; fileEncoding = 4; lastKnownFileType = sourcecode.c.objc; lineEnding = 0; path = BRReceiveViewController.m; sourceTree = "<group>"; xcLanguageSpecificationIdentifier = xcode.lang.objcpp; };
		75878BC2192AED38002505AB /* MessageUI.framework */ = {isa = PBXFileReference; lastKnownFileType = wrapper.framework; name = MessageUI.framework; path = System/Library/Frameworks/MessageUI.framework; sourceTree = SDKROOT; };
		75878BC4192B1AF0002505AB /* BRTxHistoryViewController.h */ = {isa = PBXFileReference; fileEncoding = 4; lastKnownFileType = sourcecode.c.h; path = BRTxHistoryViewController.h; sourceTree = "<group>"; };
		75878BC5192B1AF0002505AB /* BRTxHistoryViewController.m */ = {isa = PBXFileReference; fileEncoding = 4; lastKnownFileType = sourcecode.c.objc; lineEnding = 0; path = BRTxHistoryViewController.m; sourceTree = "<group>"; xcLanguageSpecificationIdentifier = xcode.lang.objc; };
		758B16241AA9ADC4002C65DD /* secp256k1.h */ = {isa = PBXFileReference; fileEncoding = 4; lastKnownFileType = sourcecode.c.h; path = secp256k1.h; sourceTree = "<group>"; };
		758B16301AA9ADC4002C65DD /* ecdsa.h */ = {isa = PBXFileReference; fileEncoding = 4; lastKnownFileType = sourcecode.c.h; path = ecdsa.h; sourceTree = "<group>"; };
		758B16311AA9ADC4002C65DD /* ecdsa_impl.h */ = {isa = PBXFileReference; fileEncoding = 4; lastKnownFileType = sourcecode.c.h; path = ecdsa_impl.h; sourceTree = "<group>"; };
		758B16321AA9ADC4002C65DD /* eckey.h */ = {isa = PBXFileReference; fileEncoding = 4; lastKnownFileType = sourcecode.c.h; path = eckey.h; sourceTree = "<group>"; };
		758B16331AA9ADC4002C65DD /* eckey_impl.h */ = {isa = PBXFileReference; fileEncoding = 4; lastKnownFileType = sourcecode.c.h; path = eckey_impl.h; sourceTree = "<group>"; };
		758B16341AA9ADC4002C65DD /* ecmult.h */ = {isa = PBXFileReference; fileEncoding = 4; lastKnownFileType = sourcecode.c.h; path = ecmult.h; sourceTree = "<group>"; };
		758B16351AA9ADC4002C65DD /* ecmult_gen.h */ = {isa = PBXFileReference; fileEncoding = 4; lastKnownFileType = sourcecode.c.h; path = ecmult_gen.h; sourceTree = "<group>"; };
		758B16361AA9ADC4002C65DD /* ecmult_gen_impl.h */ = {isa = PBXFileReference; fileEncoding = 4; lastKnownFileType = sourcecode.c.h; path = ecmult_gen_impl.h; sourceTree = "<group>"; };
		758B16371AA9ADC4002C65DD /* ecmult_impl.h */ = {isa = PBXFileReference; fileEncoding = 4; lastKnownFileType = sourcecode.c.h; path = ecmult_impl.h; sourceTree = "<group>"; };
		758B16381AA9ADC4002C65DD /* field.h */ = {isa = PBXFileReference; fileEncoding = 4; lastKnownFileType = sourcecode.c.h; path = field.h; sourceTree = "<group>"; };
		758B16391AA9ADC4002C65DD /* field_10x26.h */ = {isa = PBXFileReference; fileEncoding = 4; lastKnownFileType = sourcecode.c.h; path = field_10x26.h; sourceTree = "<group>"; };
		758B163A1AA9ADC4002C65DD /* field_10x26_impl.h */ = {isa = PBXFileReference; fileEncoding = 4; lastKnownFileType = sourcecode.c.h; path = field_10x26_impl.h; sourceTree = "<group>"; };
		758B163F1AA9ADC4002C65DD /* field_impl.h */ = {isa = PBXFileReference; fileEncoding = 4; lastKnownFileType = sourcecode.c.h; path = field_impl.h; sourceTree = "<group>"; };
		758B16401AA9ADC4002C65DD /* group.h */ = {isa = PBXFileReference; fileEncoding = 4; lastKnownFileType = sourcecode.c.h; path = group.h; sourceTree = "<group>"; };
		758B16411AA9ADC4002C65DD /* group_impl.h */ = {isa = PBXFileReference; fileEncoding = 4; lastKnownFileType = sourcecode.c.h; path = group_impl.h; sourceTree = "<group>"; };
		758B16421AA9ADC4002C65DD /* hash.h */ = {isa = PBXFileReference; fileEncoding = 4; lastKnownFileType = sourcecode.c.h; path = hash.h; sourceTree = "<group>"; };
		758B16431AA9ADC4002C65DD /* hash_impl.h */ = {isa = PBXFileReference; fileEncoding = 4; lastKnownFileType = sourcecode.c.h; path = hash_impl.h; sourceTree = "<group>"; };
		758B164A1AA9ADC4002C65DD /* num.h */ = {isa = PBXFileReference; fileEncoding = 4; lastKnownFileType = sourcecode.c.h; path = num.h; sourceTree = "<group>"; };
		758B164D1AA9ADC4002C65DD /* num_impl.h */ = {isa = PBXFileReference; fileEncoding = 4; lastKnownFileType = sourcecode.c.h; path = num_impl.h; sourceTree = "<group>"; };
		758B164E1AA9ADC4002C65DD /* scalar.h */ = {isa = PBXFileReference; fileEncoding = 4; lastKnownFileType = sourcecode.c.h; path = scalar.h; sourceTree = "<group>"; };
		758B16511AA9ADC4002C65DD /* scalar_8x32.h */ = {isa = PBXFileReference; fileEncoding = 4; lastKnownFileType = sourcecode.c.h; path = scalar_8x32.h; sourceTree = "<group>"; };
		758B16521AA9ADC4002C65DD /* scalar_8x32_impl.h */ = {isa = PBXFileReference; fileEncoding = 4; lastKnownFileType = sourcecode.c.h; path = scalar_8x32_impl.h; sourceTree = "<group>"; };
		758B16531AA9ADC4002C65DD /* scalar_impl.h */ = {isa = PBXFileReference; fileEncoding = 4; lastKnownFileType = sourcecode.c.h; path = scalar_impl.h; sourceTree = "<group>"; };
		758B16541AA9ADC4002C65DD /* secp256k1.c */ = {isa = PBXFileReference; fileEncoding = 4; lastKnownFileType = sourcecode.c.c; path = secp256k1.c; sourceTree = "<group>"; };
		758B16581AA9ADC4002C65DD /* util.h */ = {isa = PBXFileReference; fileEncoding = 4; lastKnownFileType = sourcecode.c.h; path = util.h; sourceTree = "<group>"; };
		758DBD0C1980634900389E2A /* BRTxDetailViewController.h */ = {isa = PBXFileReference; fileEncoding = 4; lastKnownFileType = sourcecode.c.h; path = BRTxDetailViewController.h; sourceTree = "<group>"; };
		758DBD0D1980634900389E2A /* BRTxDetailViewController.m */ = {isa = PBXFileReference; fileEncoding = 4; lastKnownFileType = sourcecode.c.objc; path = BRTxDetailViewController.m; sourceTree = "<group>"; };
		759816E519357D6F005060EA /* BRBubbleView.h */ = {isa = PBXFileReference; fileEncoding = 4; lastKnownFileType = sourcecode.c.h; path = BRBubbleView.h; sourceTree = "<group>"; };
		759816E619357D6F005060EA /* BRBubbleView.m */ = {isa = PBXFileReference; fileEncoding = 4; lastKnownFileType = sourcecode.c.objc; path = BRBubbleView.m; sourceTree = "<group>"; };
		759AB7F71AB8F45900303AAB /* BreadWallet 2.xcdatamodel */ = {isa = PBXFileReference; lastKnownFileType = wrapper.xcdatamodel; path = "BreadWallet 2.xcdatamodel"; sourceTree = "<group>"; };
		759F2C221AAAD42D0029A5AB /* libsecp256k1-config.h */ = {isa = PBXFileReference; lastKnownFileType = sourcecode.c.h; path = "libsecp256k1-config.h"; sourceTree = SOURCE_ROOT; };
		759FBB31193290F600AB4465 /* BRReceiveViewController.h */ = {isa = PBXFileReference; fileEncoding = 4; lastKnownFileType = sourcecode.c.h; path = BRReceiveViewController.h; sourceTree = "<group>"; };
		759FBB32193290F600AB4465 /* BRRootViewController.h */ = {isa = PBXFileReference; fileEncoding = 4; lastKnownFileType = sourcecode.c.h; path = BRRootViewController.h; sourceTree = "<group>"; };
		759FBB33193290F600AB4465 /* BRRootViewController.m */ = {isa = PBXFileReference; fileEncoding = 4; lastKnownFileType = sourcecode.c.objc; lineEnding = 0; path = BRRootViewController.m; sourceTree = "<group>"; xcLanguageSpecificationIdentifier = xcode.lang.objc; };
		759FBB34193290F600AB4465 /* BRSendViewController.h */ = {isa = PBXFileReference; fileEncoding = 4; lastKnownFileType = sourcecode.c.h; path = BRSendViewController.h; sourceTree = "<group>"; };
		759FBB35193290F600AB4465 /* BRSendViewController.m */ = {isa = PBXFileReference; fileEncoding = 4; lastKnownFileType = sourcecode.c.objc; lineEnding = 0; path = BRSendViewController.m; sourceTree = "<group>"; xcLanguageSpecificationIdentifier = xcode.lang.objc; };
		75AA5F53194143D5003F23BD /* BRBouncyBurgerButton.h */ = {isa = PBXFileReference; fileEncoding = 4; lastKnownFileType = sourcecode.c.h; path = BRBouncyBurgerButton.h; sourceTree = "<group>"; };
		75AA5F54194143D5003F23BD /* BRBouncyBurgerButton.m */ = {isa = PBXFileReference; fileEncoding = 4; lastKnownFileType = sourcecode.c.objc; path = BRBouncyBurgerButton.m; sourceTree = "<group>"; };
		75BCC59A1946520700EC1A64 /* BreadWalletTests.h */ = {isa = PBXFileReference; lastKnownFileType = sourcecode.c.h; path = BreadWalletTests.h; sourceTree = "<group>"; };
		75C0E3C71B1D333F007BC531 /* en */ = {isa = PBXFileReference; lastKnownFileType = text.plist.xml; name = en; path = en.lproj/BIP39Words.plist; sourceTree = "<group>"; };
		75C0E3C21B1BA29D007BC531 /* fr */ = {isa = PBXFileReference; lastKnownFileType = text.plist.xml; name = fr; path = fr.lproj/BIP39Words.plist; sourceTree = "<group>"; };
		75C0E3C31B1BA29F007BC531 /* ja */ = {isa = PBXFileReference; lastKnownFileType = text.plist.xml; name = ja; path = ja.lproj/BIP39Words.plist; sourceTree = "<group>"; };
		75C0E3C41B1BA2A5007BC531 /* es */ = {isa = PBXFileReference; lastKnownFileType = text.plist.xml; name = es; path = es.lproj/BIP39Words.plist; sourceTree = "<group>"; };
		75C0E3C51B1BA2AE007BC531 /* zh-Hans */ = {isa = PBXFileReference; lastKnownFileType = text.plist.xml; name = "zh-Hans"; path = "zh-Hans.lproj/BIP39Words.plist"; sourceTree = "<group>"; };
		75D5F3BE191EC270004AB296 /* breadwallet.app */ = {isa = PBXFileReference; explicitFileType = wrapper.application; includeInIndex = 0; path = breadwallet.app; sourceTree = BUILT_PRODUCTS_DIR; };
		75D5F3C1191EC270004AB296 /* Foundation.framework */ = {isa = PBXFileReference; lastKnownFileType = wrapper.framework; name = Foundation.framework; path = System/Library/Frameworks/Foundation.framework; sourceTree = SDKROOT; };
		75D5F3C3191EC270004AB296 /* CoreGraphics.framework */ = {isa = PBXFileReference; lastKnownFileType = wrapper.framework; name = CoreGraphics.framework; path = System/Library/Frameworks/CoreGraphics.framework; sourceTree = SDKROOT; };
		75D5F3C5191EC270004AB296 /* UIKit.framework */ = {isa = PBXFileReference; lastKnownFileType = wrapper.framework; name = UIKit.framework; path = System/Library/Frameworks/UIKit.framework; sourceTree = SDKROOT; };
		75D5F3C9191EC270004AB296 /* BreadWallet-Info.plist */ = {isa = PBXFileReference; lastKnownFileType = text.plist.xml; path = "BreadWallet-Info.plist"; sourceTree = "<group>"; };
		75D5F3CB191EC270004AB296 /* en */ = {isa = PBXFileReference; lastKnownFileType = text.plist.strings; name = en; path = en.lproj/InfoPlist.strings; sourceTree = "<group>"; };
		75D5F3CD191EC270004AB296 /* main.m */ = {isa = PBXFileReference; lastKnownFileType = sourcecode.c.objc; path = main.m; sourceTree = "<group>"; };
		75D5F3CF191EC270004AB296 /* BreadWallet-Prefix.pch */ = {isa = PBXFileReference; lastKnownFileType = sourcecode.c.h; path = "BreadWallet-Prefix.pch"; sourceTree = "<group>"; };
		75D5F3D0191EC270004AB296 /* BRAppDelegate.h */ = {isa = PBXFileReference; lastKnownFileType = sourcecode.c.h; path = BRAppDelegate.h; sourceTree = "<group>"; };
		75D5F3D1191EC270004AB296 /* BRAppDelegate.m */ = {isa = PBXFileReference; lastKnownFileType = sourcecode.c.objc; path = BRAppDelegate.m; sourceTree = "<group>"; };
		75D5F3DD191EC270004AB296 /* Base */ = {isa = PBXFileReference; lastKnownFileType = file.storyboard; name = Base; path = Base.lproj/Main.storyboard; sourceTree = "<group>"; };
		75D5F3DF191EC270004AB296 /* Images.xcassets */ = {isa = PBXFileReference; lastKnownFileType = folder.assetcatalog; path = Images.xcassets; sourceTree = "<group>"; };
		75D5F3E5191EC270004AB296 /* BreadWalletTests.xctest */ = {isa = PBXFileReference; explicitFileType = wrapper.cfbundle; includeInIndex = 0; path = BreadWalletTests.xctest; sourceTree = BUILT_PRODUCTS_DIR; };
		75D5F3E6191EC270004AB296 /* XCTest.framework */ = {isa = PBXFileReference; lastKnownFileType = wrapper.framework; name = XCTest.framework; path = Library/Frameworks/XCTest.framework; sourceTree = DEVELOPER_DIR; };
		75D5F3EE191EC270004AB296 /* BreadWalletTests-Info.plist */ = {isa = PBXFileReference; lastKnownFileType = text.plist.xml; path = "BreadWalletTests-Info.plist"; sourceTree = "<group>"; };
		75D5F3F0191EC270004AB296 /* en */ = {isa = PBXFileReference; lastKnownFileType = text.plist.strings; name = en; path = en.lproj/InfoPlist.strings; sourceTree = "<group>"; };
		75D5F3F2191EC270004AB296 /* BreadWalletTests.m */ = {isa = PBXFileReference; lastKnownFileType = sourcecode.c.objc; path = BreadWalletTests.m; sourceTree = "<group>"; };
		75DE023F1B0EB7990027FF08 /* it */ = {isa = PBXFileReference; lastKnownFileType = text.plist.strings; name = it; path = it.lproj/Main.strings; sourceTree = "<group>"; };
		75DE02401B0EB7990027FF08 /* it */ = {isa = PBXFileReference; lastKnownFileType = text.plist.strings; name = it; path = it.lproj/InfoPlist.strings; sourceTree = "<group>"; };
		75DE02411B0EB79A0027FF08 /* it */ = {isa = PBXFileReference; lastKnownFileType = text.plist.strings; name = it; path = it.lproj/Localizable.strings; sourceTree = "<group>"; };
		75DE02421B0EB79A0027FF08 /* it */ = {isa = PBXFileReference; lastKnownFileType = text.plist.strings; name = it; path = it.lproj/InfoPlist.strings; sourceTree = "<group>"; };
		75DE02431B0EB7BD0027FF08 /* sv */ = {isa = PBXFileReference; lastKnownFileType = text.plist.strings; name = sv; path = sv.lproj/Main.strings; sourceTree = "<group>"; };
		75DE02441B0EB7BD0027FF08 /* sv */ = {isa = PBXFileReference; lastKnownFileType = text.plist.strings; name = sv; path = sv.lproj/InfoPlist.strings; sourceTree = "<group>"; };
		75DE02451B0EB7BD0027FF08 /* sv */ = {isa = PBXFileReference; lastKnownFileType = text.plist.strings; name = sv; path = sv.lproj/Localizable.strings; sourceTree = "<group>"; };
		75DE02461B0EB7BD0027FF08 /* sv */ = {isa = PBXFileReference; lastKnownFileType = text.plist.strings; name = sv; path = sv.lproj/InfoPlist.strings; sourceTree = "<group>"; };
		75DE02471B0EB7C80027FF08 /* tr */ = {isa = PBXFileReference; lastKnownFileType = text.plist.strings; name = tr; path = tr.lproj/Main.strings; sourceTree = "<group>"; };
		75DE02481B0EB7C80027FF08 /* tr */ = {isa = PBXFileReference; lastKnownFileType = text.plist.strings; name = tr; path = tr.lproj/InfoPlist.strings; sourceTree = "<group>"; };
		75DE02491B0EB7C80027FF08 /* tr */ = {isa = PBXFileReference; lastKnownFileType = text.plist.strings; name = tr; path = tr.lproj/Localizable.strings; sourceTree = "<group>"; };
		75DE024A1B0EB7C80027FF08 /* tr */ = {isa = PBXFileReference; lastKnownFileType = text.plist.strings; name = tr; path = tr.lproj/InfoPlist.strings; sourceTree = "<group>"; };
		75DE024B1B0EB7FC0027FF08 /* pl */ = {isa = PBXFileReference; lastKnownFileType = text.plist.strings; name = pl; path = pl.lproj/Main.strings; sourceTree = "<group>"; };
		75DE024C1B0EB7FC0027FF08 /* pl */ = {isa = PBXFileReference; lastKnownFileType = text.plist.strings; name = pl; path = pl.lproj/InfoPlist.strings; sourceTree = "<group>"; };
		75DE024D1B0EB7FC0027FF08 /* pl */ = {isa = PBXFileReference; lastKnownFileType = text.plist.strings; name = pl; path = pl.lproj/Localizable.strings; sourceTree = "<group>"; };
		75DE024E1B0EB7FC0027FF08 /* pl */ = {isa = PBXFileReference; lastKnownFileType = text.plist.strings; name = pl; path = pl.lproj/InfoPlist.strings; sourceTree = "<group>"; };
		75DE024F1B0EB8030027FF08 /* ru */ = {isa = PBXFileReference; lastKnownFileType = text.plist.strings; name = ru; path = ru.lproj/Main.strings; sourceTree = "<group>"; };
		75DE02501B0EB8030027FF08 /* ru */ = {isa = PBXFileReference; lastKnownFileType = text.plist.strings; name = ru; path = ru.lproj/InfoPlist.strings; sourceTree = "<group>"; };
		75DE02511B0EB8030027FF08 /* ru */ = {isa = PBXFileReference; lastKnownFileType = text.plist.strings; name = ru; path = ru.lproj/Localizable.strings; sourceTree = "<group>"; };
		75DE02521B0EB8030027FF08 /* ru */ = {isa = PBXFileReference; lastKnownFileType = text.plist.strings; name = ru; path = ru.lproj/InfoPlist.strings; sourceTree = "<group>"; };
		75F27B0619DE2AB20047FC62 /* ccMemory.h */ = {isa = PBXFileReference; lastKnownFileType = sourcecode.c.h; path = ccMemory.h; sourceTree = SOURCE_ROOT; };
		84F68C881975E9E2002FC300 /* BRScanViewController.h */ = {isa = PBXFileReference; fileEncoding = 4; lastKnownFileType = sourcecode.c.h; path = BRScanViewController.h; sourceTree = "<group>"; };
		84F68C891975E9E2002FC300 /* BRScanViewController.m */ = {isa = PBXFileReference; fileEncoding = 4; lastKnownFileType = sourcecode.c.objc; path = BRScanViewController.m; sourceTree = "<group>"; };
/* End PBXFileReference section */

/* Begin PBXFrameworksBuildPhase section */
		75D5F3BB191EC270004AB296 /* Frameworks */ = {
			isa = PBXFrameworksBuildPhase;
			buildActionMask = 2147483647;
			files = (
				75878BC3192AED38002505AB /* MessageUI.framework in Frameworks */,
				75D5F3C4191EC270004AB296 /* CoreGraphics.framework in Frameworks */,
				75D5F3C6191EC270004AB296 /* UIKit.framework in Frameworks */,
				75D5F3C2191EC270004AB296 /* Foundation.framework in Frameworks */,
			);
			runOnlyForDeploymentPostprocessing = 0;
		};
		75D5F3E2191EC270004AB296 /* Frameworks */ = {
			isa = PBXFrameworksBuildPhase;
			buildActionMask = 2147483647;
			files = (
				75D5F3E7191EC270004AB296 /* XCTest.framework in Frameworks */,
				75D5F3E9191EC270004AB296 /* UIKit.framework in Frameworks */,
				75D5F3E8191EC270004AB296 /* Foundation.framework in Frameworks */,
			);
			runOnlyForDeploymentPostprocessing = 0;
		};
/* End PBXFrameworksBuildPhase section */

/* Begin PBXGroup section */
		752E289B19234A3F00DB5A3C /* Views */ = {
			isa = PBXGroup;
			children = (
				7525B617192453840041C0F2 /* BRNavigationBar.h */,
				7525B618192453840041C0F2 /* BRNavigationBar.m */,
				759816E519357D6F005060EA /* BRBubbleView.h */,
				759816E619357D6F005060EA /* BRBubbleView.m */,
				75AA5F53194143D5003F23BD /* BRBouncyBurgerButton.h */,
				75AA5F54194143D5003F23BD /* BRBouncyBurgerButton.m */,
				7548CF3519556FD700EF827F /* BRCopyLabel.h */,
				7548CF3619556FD700EF827F /* BRCopyLabel.m */,
			);
			name = Views;
			sourceTree = "<group>";
		};
		752E289C19234A4700DB5A3C /* Models */ = {
			isa = PBXGroup;
			children = (
				752E289D19234A4E00DB5A3C /* Entities */,
				752E28B619234C3600DB5A3C /* BRKey.h */,
				752E28B719234C3600DB5A3C /* BRKey.m */,
				752E28B819234C3600DB5A3C /* BRKey+BIP38.h */,
				752E28B919234C3600DB5A3C /* BRKey+BIP38.m */,
				752E28C819234C3600DB5A3C /* BRTransaction.h */,
				752E28C919234C3600DB5A3C /* BRTransaction.m */,
				752E28BA19234C3600DB5A3C /* BRKeySequence.h */,
				752E28DC19234D1000DB5A3C /* BRBIP32Sequence.h */,
				752E28B119234C3600DB5A3C /* BRBIP32Sequence.m */,
				752E28BD19234C3600DB5A3C /* BRMnemonic.h */,
				752E28B219234C3600DB5A3C /* BRBIP39Mnemonic.h */,
				752E28B319234C3600DB5A3C /* BRBIP39Mnemonic.m */,
				752E28CA19234C3600DB5A3C /* BRWallet.h */,
				752E28CB19234C3600DB5A3C /* BRWallet.m */,
				752E28CC19234C3600DB5A3C /* BRWalletManager.h */,
				752E28CD19234C3600DB5A3C /* BRWalletManager.m */,
				752E28BB19234C3600DB5A3C /* BRMerkleBlock.h */,
				752E28BC19234C3600DB5A3C /* BRMerkleBlock.m */,
				752E28B419234C3600DB5A3C /* BRBloomFilter.h */,
				752E28B519234C3600DB5A3C /* BRBloomFilter.m */,
				752E28C219234C3600DB5A3C /* BRPeer.h */,
				752E28C319234C3600DB5A3C /* BRPeer.m */,
				752E28C619234C3600DB5A3C /* BRPeerManager.h */,
				752E28C719234C3600DB5A3C /* BRPeerManager.m */,
				752E28BE19234C3600DB5A3C /* BRPaymentProtocol.h */,
				752E28BF19234C3600DB5A3C /* BRPaymentProtocol.m */,
				752E28C019234C3600DB5A3C /* BRPaymentRequest.h */,
				752E28C119234C3600DB5A3C /* BRPaymentRequest.m */,
			);
			name = Models;
			sourceTree = "<group>";
		};
		752E289D19234A4E00DB5A3C /* Entities */ = {
			isa = PBXGroup;
			children = (
				752E289E19234AE300DB5A3C /* BRAddressEntity.h */,
				752E289F19234AE300DB5A3C /* BRAddressEntity.m */,
				752E28A019234AE300DB5A3C /* BRMerkleBlockEntity.h */,
				752E28A119234AE300DB5A3C /* BRMerkleBlockEntity.m */,
				752E28A219234AE300DB5A3C /* BRPeerEntity.h */,
				752E28A319234AE300DB5A3C /* BRPeerEntity.m */,
				752E28A419234AE300DB5A3C /* BRTransactionEntity.h */,
				752E28A519234AE300DB5A3C /* BRTransactionEntity.m */,
				752E28A619234AE300DB5A3C /* BRTxInputEntity.h */,
				752E28A719234AE300DB5A3C /* BRTxInputEntity.m */,
				752E28A819234AE300DB5A3C /* BRTxOutputEntity.h */,
				752E28A919234AE300DB5A3C /* BRTxOutputEntity.m */,
			);
			name = Entities;
			sourceTree = "<group>";
		};
		752E28B019234B0500DB5A3C /* Categories */ = {
			isa = PBXGroup;
			children = (
				752E28E519234DA200DB5A3C /* NSString+Bitcoin.h */,
				752E28E619234DA200DB5A3C /* NSString+Bitcoin.m */,
				752E28DD19234DA200DB5A3C /* NSData+Bitcoin.h */,
				752E28DE19234DA200DB5A3C /* NSData+Bitcoin.m */,
				752E28E319234DA200DB5A3C /* NSMutableData+Bitcoin.h */,
				752E28E419234DA200DB5A3C /* NSMutableData+Bitcoin.m */,
				752E28E119234DA200DB5A3C /* NSManagedObject+Sugar.h */,
				752E28E219234DA200DB5A3C /* NSManagedObject+Sugar.m */,
				75767C401A0EC6F9003E7DE9 /* UIImage+Blur.h */,
				75767C411A0EC6F9003E7DE9 /* UIImage+Blur.m */,
			);
			name = Categories;
			sourceTree = "<group>";
		};
		7579F7FE19231D4600CA56F4 /* ThirdParty */ = {
			isa = PBXGroup;
			children = (
				752E28EF19234E8100DB5A3C /* Reachability.h */,
				752E28F019234E8100DB5A3C /* Reachability.m */,
				75F27B0619DE2AB20047FC62 /* ccMemory.h */,
				758B161A1AA9ADC4002C65DD /* secp256k1 */,
				759F2C221AAAD42D0029A5AB /* libsecp256k1-config.h */,
			);
			name = ThirdParty;
			sourceTree = "<group>";
		};
		758B161A1AA9ADC4002C65DD /* secp256k1 */ = {
			isa = PBXGroup;
			children = (
				758B16231AA9ADC4002C65DD /* include */,
				758B162A1AA9ADC4002C65DD /* src */,
			);
			path = secp256k1;
			sourceTree = SOURCE_ROOT;
		};
		758B16231AA9ADC4002C65DD /* include */ = {
			isa = PBXGroup;
			children = (
				758B16241AA9ADC4002C65DD /* secp256k1.h */,
			);
			path = include;
			sourceTree = "<group>";
		};
		758B162A1AA9ADC4002C65DD /* src */ = {
			isa = PBXGroup;
			children = (
				758B16301AA9ADC4002C65DD /* ecdsa.h */,
				758B16311AA9ADC4002C65DD /* ecdsa_impl.h */,
				758B16321AA9ADC4002C65DD /* eckey.h */,
				758B16331AA9ADC4002C65DD /* eckey_impl.h */,
				758B16341AA9ADC4002C65DD /* ecmult.h */,
				758B16351AA9ADC4002C65DD /* ecmult_gen.h */,
				758B16361AA9ADC4002C65DD /* ecmult_gen_impl.h */,
				758B16371AA9ADC4002C65DD /* ecmult_impl.h */,
				758B16381AA9ADC4002C65DD /* field.h */,
				758B16391AA9ADC4002C65DD /* field_10x26.h */,
				758B163A1AA9ADC4002C65DD /* field_10x26_impl.h */,
				758B163F1AA9ADC4002C65DD /* field_impl.h */,
				758B16401AA9ADC4002C65DD /* group.h */,
				758B16411AA9ADC4002C65DD /* group_impl.h */,
				758B16421AA9ADC4002C65DD /* hash.h */,
				758B16431AA9ADC4002C65DD /* hash_impl.h */,
				758B164A1AA9ADC4002C65DD /* num.h */,
				758B164D1AA9ADC4002C65DD /* num_impl.h */,
				758B164E1AA9ADC4002C65DD /* scalar.h */,
				758B16511AA9ADC4002C65DD /* scalar_8x32.h */,
				758B16521AA9ADC4002C65DD /* scalar_8x32_impl.h */,
				758B16531AA9ADC4002C65DD /* scalar_impl.h */,
				758B16541AA9ADC4002C65DD /* secp256k1.c */,
				758B16581AA9ADC4002C65DD /* util.h */,
			);
			path = src;
			sourceTree = "<group>";
		};
		75BA5D02192296010040304C /* Controllers */ = {
			isa = PBXGroup;
			children = (
				759FBB32193290F600AB4465 /* BRRootViewController.h */,
				759FBB33193290F600AB4465 /* BRRootViewController.m */,
				759FBB34193290F600AB4465 /* BRSendViewController.h */,
				759FBB35193290F600AB4465 /* BRSendViewController.m */,
				759FBB31193290F600AB4465 /* BRReceiveViewController.h */,
				75878BC0192AEC3F002505AB /* BRReceiveViewController.m */,
				84F68C881975E9E2002FC300 /* BRScanViewController.h */,
				84F68C891975E9E2002FC300 /* BRScanViewController.m */,
				75878BBD192ACD46002505AB /* BRAmountViewController.h */,
				75878BBE192ACD46002505AB /* BRAmountViewController.m */,
				75878BC4192B1AF0002505AB /* BRTxHistoryViewController.h */,
				75878BC5192B1AF0002505AB /* BRTxHistoryViewController.m */,
				757C89501A2FCE420076B373 /* BRSettingsViewController.h */,
				757C89511A2FCE420076B373 /* BRSettingsViewController.m */,
				758DBD0C1980634900389E2A /* BRTxDetailViewController.h */,
				758DBD0D1980634900389E2A /* BRTxDetailViewController.m */,
				757BE7E4192C1FF70061CB20 /* BRWelcomeViewController.h */,
				757BE7E5192C1FF70061CB20 /* BRWelcomeViewController.m */,
				757BE7E1192C0E9D0061CB20 /* BRRestoreViewController.h */,
				757BE7E2192C0E9D0061CB20 /* BRRestoreViewController.m */,
				757BE7E7192D4E880061CB20 /* BRSeedViewController.h */,
				757BE7E8192D4E880061CB20 /* BRSeedViewController.m */,
			);
			name = Controllers;
			sourceTree = "<group>";
		};
		75D5F3B5191EC270004AB296 = {
			isa = PBXGroup;
			children = (
				75D5F3C7191EC270004AB296 /* BreadWallet */,
				75D5F3EC191EC270004AB296 /* BreadWalletTests */,
				75D5F3C0191EC270004AB296 /* Frameworks */,
				75D5F3BF191EC270004AB296 /* Products */,
			);
			sourceTree = "<group>";
		};
		75D5F3BF191EC270004AB296 /* Products */ = {
			isa = PBXGroup;
			children = (
				75D5F3BE191EC270004AB296 /* breadwallet.app */,
				75D5F3E5191EC270004AB296 /* BreadWalletTests.xctest */,
			);
			name = Products;
			sourceTree = "<group>";
		};
		75D5F3C0191EC270004AB296 /* Frameworks */ = {
			isa = PBXGroup;
			children = (
				75878BC2192AED38002505AB /* MessageUI.framework */,
				75D5F3C1191EC270004AB296 /* Foundation.framework */,
				75D5F3C3191EC270004AB296 /* CoreGraphics.framework */,
				75D5F3C5191EC270004AB296 /* UIKit.framework */,
				75D5F3E6191EC270004AB296 /* XCTest.framework */,
			);
			name = Frameworks;
			sourceTree = "<group>";
		};
		75D5F3C7191EC270004AB296 /* BreadWallet */ = {
			isa = PBXGroup;
			children = (
				752E289C19234A4700DB5A3C /* Models */,
				752E289B19234A3F00DB5A3C /* Views */,
				75BA5D02192296010040304C /* Controllers */,
				752E28B019234B0500DB5A3C /* Categories */,
				75D5F3D0191EC270004AB296 /* BRAppDelegate.h */,
				75D5F3D1191EC270004AB296 /* BRAppDelegate.m */,
				75D5F3DF191EC270004AB296 /* Images.xcassets */,
				75D5F3DC191EC270004AB296 /* Main.storyboard */,
				752E2898192349CE00DB5A3C /* BreadWallet.xcdatamodeld */,
				75C0E3C11B1BA294007BC531 /* BIP39Words.plist */,
				752E28F519235B3000DB5A3C /* FixedPeers.plist */,
				7579F7FE19231D4600CA56F4 /* ThirdParty */,
				75D5F3C8191EC270004AB296 /* Supporting Files */,
			);
			path = BreadWallet;
			sourceTree = "<group>";
		};
		75D5F3C8191EC270004AB296 /* Supporting Files */ = {
			isa = PBXGroup;
			children = (
				75D5F3C9191EC270004AB296 /* BreadWallet-Info.plist */,
				75D5F3CA191EC270004AB296 /* InfoPlist.strings */,
				757E09971ADB8EEB006FD352 /* Localizable.strings */,
				75D5F3CD191EC270004AB296 /* main.m */,
				75D5F3CF191EC270004AB296 /* BreadWallet-Prefix.pch */,
			);
			name = "Supporting Files";
			sourceTree = "<group>";
		};
		75D5F3EC191EC270004AB296 /* BreadWalletTests */ = {
			isa = PBXGroup;
			children = (
				75BCC59A1946520700EC1A64 /* BreadWalletTests.h */,
				75D5F3F2191EC270004AB296 /* BreadWalletTests.m */,
				75D5F3ED191EC270004AB296 /* Supporting Files */,
			);
			path = BreadWalletTests;
			sourceTree = "<group>";
		};
		75D5F3ED191EC270004AB296 /* Supporting Files */ = {
			isa = PBXGroup;
			children = (
				75D5F3EE191EC270004AB296 /* BreadWalletTests-Info.plist */,
				75D5F3EF191EC270004AB296 /* InfoPlist.strings */,
			);
			name = "Supporting Files";
			sourceTree = "<group>";
		};
/* End PBXGroup section */

/* Begin PBXLegacyTarget section */
		75001D3D1A1EE89500585F55 /* submodules */ = {
			isa = PBXLegacyTarget;
			buildArgumentsString = "-c 'git submodule init && git submodule update'";
			buildConfigurationList = 75001D3E1A1EE89500585F55 /* Build configuration list for PBXLegacyTarget "submodules" */;
			buildPhases = (
			);
			buildToolPath = /bin/sh;
			buildWorkingDirectory = "";
			dependencies = (
			);
			name = submodules;
			passBuildSettingsInEnvironment = 1;
			productName = submodules;
		};
/* End PBXLegacyTarget section */

/* Begin PBXNativeTarget section */
		75D5F3BD191EC270004AB296 /* breadwallet */ = {
			isa = PBXNativeTarget;
			buildConfigurationList = 75D5F3F6191EC270004AB296 /* Build configuration list for PBXNativeTarget "breadwallet" */;
			buildPhases = (
				75D5F3BA191EC270004AB296 /* Sources */,
				75D5F3BB191EC270004AB296 /* Frameworks */,
				75D5F3BC191EC270004AB296 /* Resources */,
			);
			buildRules = (
			);
			dependencies = (
				757FC2531ADA30D100A1FDF7 /* PBXTargetDependency */,
			);
			name = breadwallet;
			productName = BreadWallet;
			productReference = 75D5F3BE191EC270004AB296 /* breadwallet.app */;
			productType = "com.apple.product-type.application";
		};
		75D5F3E4191EC270004AB296 /* BreadWalletTests */ = {
			isa = PBXNativeTarget;
			buildConfigurationList = 75D5F3F9191EC270004AB296 /* Build configuration list for PBXNativeTarget "BreadWalletTests" */;
			buildPhases = (
				75D5F3E1191EC270004AB296 /* Sources */,
				75D5F3E2191EC270004AB296 /* Frameworks */,
				75D5F3E3191EC270004AB296 /* Resources */,
			);
			buildRules = (
			);
			dependencies = (
				75D5F3EB191EC270004AB296 /* PBXTargetDependency */,
			);
			name = BreadWalletTests;
			productName = BreadWalletTests;
			productReference = 75D5F3E5191EC270004AB296 /* BreadWalletTests.xctest */;
			productType = "com.apple.product-type.bundle.unit-test";
		};
/* End PBXNativeTarget section */

/* Begin PBXProject section */
		75D5F3B6191EC270004AB296 /* Project object */ = {
			isa = PBXProject;
			attributes = {
				CLASSPREFIX = BR;
				LastUpgradeCheck = 0510;
				ORGANIZATIONNAME = "Aaron Voisine";
				TargetAttributes = {
					75001D3D1A1EE89500585F55 = {
						CreatedOnToolsVersion = 6.1;
					};
					75D5F3BD191EC270004AB296 = {
						DevelopmentTeam = 4R7S6N88W9;
						SystemCapabilities = {
							com.apple.BackgroundModes = {
								enabled = 1;
							};
							com.apple.DataProtection = {
								enabled = 1;
							};
						};
					};
					75D5F3E4191EC270004AB296 = {
						TestTargetID = 75D5F3BD191EC270004AB296;
					};
				};
			};
			buildConfigurationList = 75D5F3B9191EC270004AB296 /* Build configuration list for PBXProject "BreadWallet" */;
			compatibilityVersion = "Xcode 3.2";
			developmentRegion = English;
			hasScannedForEncodings = 0;
			knownRegions = (
				en,
				Base,
				fr,
				ja,
				ko,
				nb,
				sq,
				nl,
				da,
				de,
				hu,
				"zh-Hans",
				es,
				it,
				sv,
				tr,
				pl,
				ru,
			);
			mainGroup = 75D5F3B5191EC270004AB296;
			productRefGroup = 75D5F3BF191EC270004AB296 /* Products */;
			projectDirPath = "";
			projectRoot = "";
			targets = (
				75D5F3BD191EC270004AB296 /* breadwallet */,
				75D5F3E4191EC270004AB296 /* BreadWalletTests */,
				75001D3D1A1EE89500585F55 /* submodules */,
			);
		};
/* End PBXProject section */

/* Begin PBXResourcesBuildPhase section */
		75D5F3BC191EC270004AB296 /* Resources */ = {
			isa = PBXResourcesBuildPhase;
			buildActionMask = 2147483647;
			files = (
				75D5F3E0191EC270004AB296 /* Images.xcassets in Resources */,
				757E09991ADB8EEB006FD352 /* Localizable.strings in Resources */,
				75C0E3BF1B1BA294007BC531 /* BIP39Words.plist in Resources */,
				75D5F3CC191EC270004AB296 /* InfoPlist.strings in Resources */,
				752E28F719235B3000DB5A3C /* FixedPeers.plist in Resources */,
				75D5F3DE191EC270004AB296 /* Main.storyboard in Resources */,
			);
			runOnlyForDeploymentPostprocessing = 0;
		};
		75D5F3E3191EC270004AB296 /* Resources */ = {
			isa = PBXResourcesBuildPhase;
			buildActionMask = 2147483647;
			files = (
				75D5F3F1191EC270004AB296 /* InfoPlist.strings in Resources */,
			);
			runOnlyForDeploymentPostprocessing = 0;
		};
/* End PBXResourcesBuildPhase section */

/* Begin PBXSourcesBuildPhase section */
		75D5F3BA191EC270004AB296 /* Sources */ = {
			isa = PBXSourcesBuildPhase;
			buildActionMask = 2147483647;
			files = (
				752E28AA19234AE300DB5A3C /* BRAddressEntity.m in Sources */,
				75AA5F55194143D5003F23BD /* BRBouncyBurgerButton.m in Sources */,
				752E28AB19234AE300DB5A3C /* BRMerkleBlockEntity.m in Sources */,
				752E28AC19234AE300DB5A3C /* BRPeerEntity.m in Sources */,
				752E28AD19234AE300DB5A3C /* BRTransactionEntity.m in Sources */,
				752E28AE19234AE300DB5A3C /* BRTxInputEntity.m in Sources */,
				752E28AF19234AE300DB5A3C /* BRTxOutputEntity.m in Sources */,
				758DBD0E1980634900389E2A /* BRTxDetailViewController.m in Sources */,
				7548CF3719556FD700EF827F /* BRCopyLabel.m in Sources */,
				75767C421A0EC6F9003E7DE9 /* UIImage+Blur.m in Sources */,
				752E28D119234C3600DB5A3C /* BRKey.m in Sources */,
				84F68C8A1975E9E2002FC300 /* BRScanViewController.m in Sources */,
				752E28D219234C3600DB5A3C /* BRKey+BIP38.m in Sources */,
				752E28D919234C3600DB5A3C /* BRTransaction.m in Sources */,
				752E28CE19234C3600DB5A3C /* BRBIP32Sequence.m in Sources */,
				752E28CF19234C3600DB5A3C /* BRBIP39Mnemonic.m in Sources */,
				752E28DA19234C3600DB5A3C /* BRWallet.m in Sources */,
				752E28DB19234C3600DB5A3C /* BRWalletManager.m in Sources */,
				752E28D319234C3600DB5A3C /* BRMerkleBlock.m in Sources */,
				752E28D019234C3600DB5A3C /* BRBloomFilter.m in Sources */,
				752E28D619234C3600DB5A3C /* BRPeer.m in Sources */,
				752E28D819234C3600DB5A3C /* BRPeerManager.m in Sources */,
				752E28D419234C3600DB5A3C /* BRPaymentProtocol.m in Sources */,
				752E28D519234C3600DB5A3C /* BRPaymentRequest.m in Sources */,
				7525B619192453840041C0F2 /* BRNavigationBar.m in Sources */,
				75878BC1192AEC3F002505AB /* BRReceiveViewController.m in Sources */,
				75878BBF192ACD46002505AB /* BRAmountViewController.m in Sources */,
				759816E719357D6F005060EA /* BRBubbleView.m in Sources */,
				75878BC6192B1AF0002505AB /* BRTxHistoryViewController.m in Sources */,
				757BE7E3192C0E9D0061CB20 /* BRRestoreViewController.m in Sources */,
				757BE7E6192C1FF70061CB20 /* BRWelcomeViewController.m in Sources */,
				757BE7E9192D4E880061CB20 /* BRSeedViewController.m in Sources */,
				752E28E719234DA200DB5A3C /* NSData+Bitcoin.m in Sources */,
				752E28E919234DA200DB5A3C /* NSManagedObject+Sugar.m in Sources */,
				752E28EA19234DA200DB5A3C /* NSMutableData+Bitcoin.m in Sources */,
				752E28EB19234DA200DB5A3C /* NSString+Bitcoin.m in Sources */,
				757C89521A2FCE420076B373 /* BRSettingsViewController.m in Sources */,
				75D5F3D2191EC270004AB296 /* BRAppDelegate.m in Sources */,
				759FBB36193290F600AB4465 /* BRRootViewController.m in Sources */,
				752E289A192349CE00DB5A3C /* BreadWallet.xcdatamodeld in Sources */,
				759FBB37193290F600AB4465 /* BRSendViewController.m in Sources */,
				752E28F119234E8100DB5A3C /* Reachability.m in Sources */,
				75D5F3CE191EC270004AB296 /* main.m in Sources */,
			);
			runOnlyForDeploymentPostprocessing = 0;
		};
		75D5F3E1191EC270004AB296 /* Sources */ = {
			isa = PBXSourcesBuildPhase;
			buildActionMask = 2147483647;
			files = (
				75D5F3F3191EC270004AB296 /* BreadWalletTests.m in Sources */,
			);
			runOnlyForDeploymentPostprocessing = 0;
		};
/* End PBXSourcesBuildPhase section */

/* Begin PBXTargetDependency section */
		757FC2531ADA30D100A1FDF7 /* PBXTargetDependency */ = {
			isa = PBXTargetDependency;
			target = 75001D3D1A1EE89500585F55 /* submodules */;
			targetProxy = 757FC2521ADA30D100A1FDF7 /* PBXContainerItemProxy */;
		};
		75D5F3EB191EC270004AB296 /* PBXTargetDependency */ = {
			isa = PBXTargetDependency;
			target = 75D5F3BD191EC270004AB296 /* breadwallet */;
			targetProxy = 75D5F3EA191EC270004AB296 /* PBXContainerItemProxy */;
		};
/* End PBXTargetDependency section */

/* Begin PBXVariantGroup section */
		757E09971ADB8EEB006FD352 /* Localizable.strings */ = {
			isa = PBXVariantGroup;
			children = (
				757E09981ADB8EEB006FD352 /* en */,
				7511E8CB1AE5FF240025F1B3 /* fr */,
				7511E8CF1AE5FF2D0025F1B3 /* ja */,
				7511E8D31AE5FF390025F1B3 /* ko */,
				7511E8D71AE5FF410025F1B3 /* nb */,
				7511E8DF1AE5FFB50025F1B3 /* sq */,
				7511E8E31AE5FFCC0025F1B3 /* nl */,
				7511E8E71AE5FFD70025F1B3 /* da */,
				7511E8EB1AE600220025F1B3 /* de */,
				750BF6C91AEB2417004D9893 /* hu */,
				7509C10E1AF3076100D03FD5 /* zh-Hans */,
				7509C1121AF3720100D03FD5 /* es */,
				75DE02411B0EB79A0027FF08 /* it */,
				75DE02451B0EB7BD0027FF08 /* sv */,
				75DE02491B0EB7C80027FF08 /* tr */,
				75DE024D1B0EB7FC0027FF08 /* pl */,
				75DE02511B0EB8030027FF08 /* ru */,
			);
			name = Localizable.strings;
			sourceTree = "<group>";
		};
		75C0E3C11B1BA294007BC531 /* BIP39Words.plist */ = {
			isa = PBXVariantGroup;
			children = (
				75C0E3C71B1D333F007BC531 /* en */,
				75C0E3C21B1BA29D007BC531 /* fr */,
				75C0E3C31B1BA29F007BC531 /* ja */,
				75C0E3C41B1BA2A5007BC531 /* es */,
				75C0E3C51B1BA2AE007BC531 /* zh-Hans */,
			);
			name = BIP39Words.plist;
			sourceTree = "<group>";
		};
		75D5F3CA191EC270004AB296 /* InfoPlist.strings */ = {
			isa = PBXVariantGroup;
			children = (
				75D5F3CB191EC270004AB296 /* en */,
				7511E8CA1AE5FF240025F1B3 /* fr */,
				7511E8CE1AE5FF2D0025F1B3 /* ja */,
				7511E8D21AE5FF390025F1B3 /* ko */,
				7511E8D61AE5FF410025F1B3 /* nb */,
				7511E8DE1AE5FFB50025F1B3 /* sq */,
				7511E8E21AE5FFCC0025F1B3 /* nl */,
				7511E8E61AE5FFD70025F1B3 /* da */,
				7511E8EA1AE600220025F1B3 /* de */,
				750BF6C81AEB2417004D9893 /* hu */,
				7509C10D1AF3076000D03FD5 /* zh-Hans */,
				7509C1111AF3720100D03FD5 /* es */,
				75DE02401B0EB7990027FF08 /* it */,
				75DE02441B0EB7BD0027FF08 /* sv */,
				75DE02481B0EB7C80027FF08 /* tr */,
				75DE024C1B0EB7FC0027FF08 /* pl */,
				75DE02501B0EB8030027FF08 /* ru */,
			);
			name = InfoPlist.strings;
			sourceTree = "<group>";
		};
		75D5F3DC191EC270004AB296 /* Main.storyboard */ = {
			isa = PBXVariantGroup;
			children = (
				75D5F3DD191EC270004AB296 /* Base */,
				757E09961ADB8E16006FD352 /* en */,
				7511E8C91AE5FF240025F1B3 /* fr */,
				7511E8CD1AE5FF2D0025F1B3 /* ja */,
				7511E8D11AE5FF390025F1B3 /* ko */,
				7511E8D51AE5FF410025F1B3 /* nb */,
				7511E8DD1AE5FFB50025F1B3 /* sq */,
				7511E8E11AE5FFCC0025F1B3 /* nl */,
				7511E8E51AE5FFD70025F1B3 /* da */,
				7511E8E91AE600220025F1B3 /* de */,
				750BF6C71AEB2417004D9893 /* hu */,
				7509C10C1AF3076000D03FD5 /* zh-Hans */,
				7509C1101AF3720100D03FD5 /* es */,
				75DE023F1B0EB7990027FF08 /* it */,
				75DE02431B0EB7BD0027FF08 /* sv */,
				75DE02471B0EB7C80027FF08 /* tr */,
				75DE024B1B0EB7FC0027FF08 /* pl */,
				75DE024F1B0EB8030027FF08 /* ru */,
			);
			name = Main.storyboard;
			sourceTree = "<group>";
		};
		75D5F3EF191EC270004AB296 /* InfoPlist.strings */ = {
			isa = PBXVariantGroup;
			children = (
				75D5F3F0191EC270004AB296 /* en */,
				7511E8CC1AE5FF240025F1B3 /* fr */,
				7511E8D01AE5FF2D0025F1B3 /* ja */,
				7511E8D41AE5FF390025F1B3 /* ko */,
				7511E8D81AE5FF410025F1B3 /* nb */,
				7511E8E01AE5FFB50025F1B3 /* sq */,
				7511E8E41AE5FFCC0025F1B3 /* nl */,
				7511E8E81AE5FFD70025F1B3 /* da */,
				7511E8EC1AE600220025F1B3 /* de */,
				750BF6CA1AEB2417004D9893 /* hu */,
				7509C10F1AF3076100D03FD5 /* zh-Hans */,
				7509C1131AF3720100D03FD5 /* es */,
				75DE02421B0EB79A0027FF08 /* it */,
				75DE02461B0EB7BD0027FF08 /* sv */,
				75DE024A1B0EB7C80027FF08 /* tr */,
				75DE024E1B0EB7FC0027FF08 /* pl */,
				75DE02521B0EB8030027FF08 /* ru */,
			);
			name = InfoPlist.strings;
			sourceTree = "<group>";
		};
/* End PBXVariantGroup section */

/* Begin XCBuildConfiguration section */
		75001D3F1A1EE89500585F55 /* Debug */ = {
			isa = XCBuildConfiguration;
			buildSettings = {
				PRODUCT_NAME = "$(TARGET_NAME)";
			};
			name = Debug;
		};
		75001D401A1EE89500585F55 /* GCov_Build */ = {
			isa = XCBuildConfiguration;
			buildSettings = {
				PRODUCT_NAME = "$(TARGET_NAME)";
			};
			name = GCov_Build;
		};
		75001D411A1EE89500585F55 /* Release */ = {
			isa = XCBuildConfiguration;
			buildSettings = {
				PRODUCT_NAME = "$(TARGET_NAME)";
			};
			name = Release;
		};
		754F4BC8194BBA94004AD9CA /* GCov_Build */ = {
			isa = XCBuildConfiguration;
			buildSettings = {
				ALWAYS_SEARCH_USER_PATHS = NO;
				CLANG_ANALYZER_DEADCODE_DEADSTORES = NO;
				CLANG_CXX_LANGUAGE_STANDARD = "gnu++0x";
				CLANG_CXX_LIBRARY = "libc++";
				CLANG_ENABLE_MODULES = YES;
				CLANG_ENABLE_OBJC_ARC = YES;
				CLANG_WARN_BOOL_CONVERSION = YES;
				CLANG_WARN_CONSTANT_CONVERSION = YES;
				CLANG_WARN_DIRECT_OBJC_ISA_USAGE = YES_ERROR;
				CLANG_WARN_EMPTY_BODY = YES;
				CLANG_WARN_ENUM_CONVERSION = YES;
				CLANG_WARN_INT_CONVERSION = YES;
				CLANG_WARN_OBJC_ROOT_CLASS = YES_ERROR;
				CLANG_WARN__DUPLICATE_METHOD_MATCH = YES;
				CODE_SIGN_IDENTITY = "iPhone Developer";
				COPY_PHASE_STRIP = NO;
				GCC_C_LANGUAGE_STANDARD = gnu99;
				GCC_DYNAMIC_NO_PIC = NO;
				GCC_GENERATE_TEST_COVERAGE_FILES = YES;
				GCC_INSTRUMENT_PROGRAM_FLOW_ARCS = YES;
				GCC_OPTIMIZATION_LEVEL = 0;
				GCC_PREPROCESSOR_DEFINITIONS = (
					"DEBUG=1",
					"$(inherited)",
				);
				GCC_SYMBOLS_PRIVATE_EXTERN = NO;
				GCC_WARN_64_TO_32_BIT_CONVERSION = NO;
				GCC_WARN_ABOUT_RETURN_TYPE = YES_ERROR;
				GCC_WARN_PEDANTIC = YES;
				GCC_WARN_UNDECLARED_SELECTOR = YES;
				GCC_WARN_UNINITIALIZED_AUTOS = YES_AGGRESSIVE;
				GCC_WARN_UNUSED_VARIABLE = YES;
				IPHONEOS_DEPLOYMENT_TARGET = 7.1;
				ONLY_ACTIVE_ARCH = YES;
				OTHER_CFLAGS = "-frandom-seed=$@";
				PROVISIONING_PROFILE = "";
				SDKROOT = iphoneos;
				ZERO_AR_DATE = 1;
			};
			name = GCov_Build;
		};
		754F4BC9194BBA94004AD9CA /* GCov_Build */ = {
			isa = XCBuildConfiguration;
			buildSettings = {
				ASSETCATALOG_COMPILER_APPICON_NAME = AppIcon;
				ASSETCATALOG_COMPILER_LAUNCHIMAGE_NAME = LaunchImage;
				CLANG_ALLOW_NON_MODULAR_INCLUDES_IN_FRAMEWORK_MODULES = YES;
				GCC_PRECOMPILE_PREFIX_HEADER = YES;
				GCC_PREFIX_HEADER = "BreadWallet/BreadWallet-Prefix.pch";
				GCC_WARN_PEDANTIC = YES;
				HEADER_SEARCH_PATHS = (
					"$(inherited)",
					/Applications/Xcode.app/Contents/Developer/Toolchains/XcodeDefault.xctoolchain/usr/include,
					"$(SRCROOT)/secp256k1",
					"$(SRCROOT)",
				);
				INFOPLIST_FILE = "BreadWallet/BreadWallet-Info.plist";
				PRODUCT_NAME = "$(TARGET_NAME)";
				WRAPPER_EXTENSION = app;
			};
			name = GCov_Build;
		};
		754F4BCF194BBA94004AD9CA /* GCov_Build */ = {
			isa = XCBuildConfiguration;
			buildSettings = {
				BUNDLE_LOADER = "$(BUILT_PRODUCTS_DIR)/breadwallet.app/breadwallet";
				FRAMEWORK_SEARCH_PATHS = (
					"$(SDKROOT)/Developer/Library/Frameworks",
					"$(inherited)",
					"$(DEVELOPER_FRAMEWORKS_DIR)",
				);
				GCC_PRECOMPILE_PREFIX_HEADER = YES;
				GCC_PREFIX_HEADER = "BreadWallet/BreadWallet-Prefix.pch";
				GCC_PREPROCESSOR_DEFINITIONS = (
					"DEBUG=1",
					"$(inherited)",
				);
				GCC_WARN_PEDANTIC = NO;
				INFOPLIST_FILE = "BreadWalletTests/BreadWalletTests-Info.plist";
				PRODUCT_NAME = "$(TARGET_NAME)";
				TEST_HOST = "$(BUNDLE_LOADER)";
				WRAPPER_EXTENSION = xctest;
			};
			name = GCov_Build;
		};
		75D5F3F4191EC270004AB296 /* Debug */ = {
			isa = XCBuildConfiguration;
			buildSettings = {
				ALWAYS_SEARCH_USER_PATHS = NO;
				CLANG_ANALYZER_DEADCODE_DEADSTORES = NO;
				CLANG_CXX_LANGUAGE_STANDARD = "gnu++0x";
				CLANG_CXX_LIBRARY = "libc++";
				CLANG_ENABLE_MODULES = YES;
				CLANG_ENABLE_OBJC_ARC = YES;
				CLANG_WARN_BOOL_CONVERSION = YES;
				CLANG_WARN_CONSTANT_CONVERSION = YES;
				CLANG_WARN_DIRECT_OBJC_ISA_USAGE = YES_ERROR;
				CLANG_WARN_EMPTY_BODY = YES;
				CLANG_WARN_ENUM_CONVERSION = YES;
				CLANG_WARN_INT_CONVERSION = YES;
				CLANG_WARN_OBJC_ROOT_CLASS = YES_ERROR;
				CLANG_WARN__DUPLICATE_METHOD_MATCH = YES;
				CODE_SIGN_IDENTITY = "iPhone Developer";
				COPY_PHASE_STRIP = NO;
				GCC_C_LANGUAGE_STANDARD = gnu99;
				GCC_DYNAMIC_NO_PIC = NO;
				GCC_OPTIMIZATION_LEVEL = 0;
				GCC_PREPROCESSOR_DEFINITIONS = (
					"DEBUG=1",
					"$(inherited)",
				);
				GCC_SYMBOLS_PRIVATE_EXTERN = NO;
				GCC_WARN_64_TO_32_BIT_CONVERSION = NO;
				GCC_WARN_ABOUT_RETURN_TYPE = YES_ERROR;
				GCC_WARN_PEDANTIC = YES;
				GCC_WARN_UNDECLARED_SELECTOR = YES;
				GCC_WARN_UNINITIALIZED_AUTOS = YES_AGGRESSIVE;
				GCC_WARN_UNUSED_VARIABLE = YES;
				IPHONEOS_DEPLOYMENT_TARGET = 7.1;
				ONLY_ACTIVE_ARCH = YES;
				OTHER_CFLAGS = "-frandom-seed=$@";
				PROVISIONING_PROFILE = "";
				SDKROOT = iphoneos;
				ZERO_AR_DATE = 1;
			};
			name = Debug;
		};
		75D5F3F5191EC270004AB296 /* Release */ = {
			isa = XCBuildConfiguration;
			buildSettings = {
				ALWAYS_SEARCH_USER_PATHS = NO;
				CLANG_ANALYZER_DEADCODE_DEADSTORES = NO;
				CLANG_CXX_LANGUAGE_STANDARD = "gnu++0x";
				CLANG_CXX_LIBRARY = "libc++";
				CLANG_ENABLE_MODULES = YES;
				CLANG_ENABLE_OBJC_ARC = YES;
				CLANG_WARN_BOOL_CONVERSION = YES;
				CLANG_WARN_CONSTANT_CONVERSION = YES;
				CLANG_WARN_DIRECT_OBJC_ISA_USAGE = YES_ERROR;
				CLANG_WARN_EMPTY_BODY = YES;
				CLANG_WARN_ENUM_CONVERSION = YES;
				CLANG_WARN_INT_CONVERSION = YES;
				CLANG_WARN_OBJC_ROOT_CLASS = YES_ERROR;
				CLANG_WARN__DUPLICATE_METHOD_MATCH = YES;
				CODE_SIGN_IDENTITY = "iPhone Distribution";
				COPY_PHASE_STRIP = YES;
				ENABLE_NS_ASSERTIONS = NO;
				GCC_C_LANGUAGE_STANDARD = gnu99;
				GCC_WARN_64_TO_32_BIT_CONVERSION = NO;
				GCC_WARN_ABOUT_RETURN_TYPE = YES_ERROR;
				GCC_WARN_PEDANTIC = YES;
				GCC_WARN_UNDECLARED_SELECTOR = YES;
				GCC_WARN_UNINITIALIZED_AUTOS = YES_AGGRESSIVE;
				GCC_WARN_UNUSED_VARIABLE = YES;
				IPHONEOS_DEPLOYMENT_TARGET = 7.1;
				OTHER_CFLAGS = "-frandom-seed=$@";
				PROVISIONING_PROFILE = "";
				SDKROOT = iphoneos;
				VALIDATE_PRODUCT = YES;
				ZERO_AR_DATE = 1;
			};
			name = Release;
		};
		75D5F3F7191EC270004AB296 /* Debug */ = {
			isa = XCBuildConfiguration;
			buildSettings = {
				ASSETCATALOG_COMPILER_APPICON_NAME = AppIcon;
				ASSETCATALOG_COMPILER_LAUNCHIMAGE_NAME = LaunchImage;
				CLANG_ALLOW_NON_MODULAR_INCLUDES_IN_FRAMEWORK_MODULES = YES;
				GCC_PRECOMPILE_PREFIX_HEADER = YES;
				GCC_PREFIX_HEADER = "BreadWallet/BreadWallet-Prefix.pch";
				GCC_WARN_PEDANTIC = YES;
				HEADER_SEARCH_PATHS = (
					"$(inherited)",
					/Applications/Xcode.app/Contents/Developer/Toolchains/XcodeDefault.xctoolchain/usr/include,
					"$(SRCROOT)/secp256k1",
					"$(SRCROOT)",
				);
				INFOPLIST_FILE = "BreadWallet/BreadWallet-Info.plist";
				PRODUCT_NAME = "$(TARGET_NAME)";
				WRAPPER_EXTENSION = app;
			};
			name = Debug;
		};
		75D5F3F8191EC270004AB296 /* Release */ = {
			isa = XCBuildConfiguration;
			buildSettings = {
				ASSETCATALOG_COMPILER_APPICON_NAME = AppIcon;
				ASSETCATALOG_COMPILER_LAUNCHIMAGE_NAME = LaunchImage;
				CLANG_ALLOW_NON_MODULAR_INCLUDES_IN_FRAMEWORK_MODULES = YES;
				GCC_PRECOMPILE_PREFIX_HEADER = YES;
				GCC_PREFIX_HEADER = "BreadWallet/BreadWallet-Prefix.pch";
				GCC_WARN_PEDANTIC = YES;
				HEADER_SEARCH_PATHS = (
					"$(inherited)",
					/Applications/Xcode.app/Contents/Developer/Toolchains/XcodeDefault.xctoolchain/usr/include,
					"$(SRCROOT)/secp256k1",
					"$(SRCROOT)",
				);
				INFOPLIST_FILE = "BreadWallet/BreadWallet-Info.plist";
				PRODUCT_NAME = "$(TARGET_NAME)";
				WRAPPER_EXTENSION = app;
			};
			name = Release;
		};
		75D5F3FA191EC270004AB296 /* Debug */ = {
			isa = XCBuildConfiguration;
			buildSettings = {
				BUNDLE_LOADER = "$(BUILT_PRODUCTS_DIR)/breadwallet.app/breadwallet";
				FRAMEWORK_SEARCH_PATHS = (
					"$(SDKROOT)/Developer/Library/Frameworks",
					"$(inherited)",
					"$(DEVELOPER_FRAMEWORKS_DIR)",
				);
				GCC_PRECOMPILE_PREFIX_HEADER = YES;
				GCC_PREFIX_HEADER = "BreadWallet/BreadWallet-Prefix.pch";
				GCC_PREPROCESSOR_DEFINITIONS = (
					"DEBUG=1",
					"$(inherited)",
				);
				GCC_WARN_PEDANTIC = NO;
				INFOPLIST_FILE = "BreadWalletTests/BreadWalletTests-Info.plist";
				PRODUCT_NAME = "$(TARGET_NAME)";
				TEST_HOST = "$(BUNDLE_LOADER)";
				WRAPPER_EXTENSION = xctest;
			};
			name = Debug;
		};
		75D5F3FB191EC270004AB296 /* Release */ = {
			isa = XCBuildConfiguration;
			buildSettings = {
				BUNDLE_LOADER = "$(BUILT_PRODUCTS_DIR)/breadwallet.app/breadwallet";
				FRAMEWORK_SEARCH_PATHS = (
					"$(SDKROOT)/Developer/Library/Frameworks",
					"$(inherited)",
					"$(DEVELOPER_FRAMEWORKS_DIR)",
				);
				GCC_PRECOMPILE_PREFIX_HEADER = YES;
				GCC_PREFIX_HEADER = "BreadWallet/BreadWallet-Prefix.pch";
				GCC_WARN_PEDANTIC = NO;
				INFOPLIST_FILE = "BreadWalletTests/BreadWalletTests-Info.plist";
				PRODUCT_NAME = "$(TARGET_NAME)";
				TEST_HOST = "$(BUNDLE_LOADER)";
				WRAPPER_EXTENSION = xctest;
			};
			name = Release;
		};
/* End XCBuildConfiguration section */

/* Begin XCConfigurationList section */
		75001D3E1A1EE89500585F55 /* Build configuration list for PBXLegacyTarget "submodules" */ = {
			isa = XCConfigurationList;
			buildConfigurations = (
				75001D3F1A1EE89500585F55 /* Debug */,
				75001D401A1EE89500585F55 /* GCov_Build */,
				75001D411A1EE89500585F55 /* Release */,
			);
			defaultConfigurationIsVisible = 0;
			defaultConfigurationName = Release;
		};
		75D5F3B9191EC270004AB296 /* Build configuration list for PBXProject "BreadWallet" */ = {
			isa = XCConfigurationList;
			buildConfigurations = (
				75D5F3F4191EC270004AB296 /* Debug */,
				754F4BC8194BBA94004AD9CA /* GCov_Build */,
				75D5F3F5191EC270004AB296 /* Release */,
			);
			defaultConfigurationIsVisible = 0;
			defaultConfigurationName = Release;
		};
		75D5F3F6191EC270004AB296 /* Build configuration list for PBXNativeTarget "breadwallet" */ = {
			isa = XCConfigurationList;
			buildConfigurations = (
				75D5F3F7191EC270004AB296 /* Debug */,
				754F4BC9194BBA94004AD9CA /* GCov_Build */,
				75D5F3F8191EC270004AB296 /* Release */,
			);
			defaultConfigurationIsVisible = 0;
			defaultConfigurationName = Release;
		};
		75D5F3F9191EC270004AB296 /* Build configuration list for PBXNativeTarget "BreadWalletTests" */ = {
			isa = XCConfigurationList;
			buildConfigurations = (
				75D5F3FA191EC270004AB296 /* Debug */,
				754F4BCF194BBA94004AD9CA /* GCov_Build */,
				75D5F3FB191EC270004AB296 /* Release */,
			);
			defaultConfigurationIsVisible = 0;
			defaultConfigurationName = Release;
		};
/* End XCConfigurationList section */

/* Begin XCVersionGroup section */
		752E2898192349CE00DB5A3C /* BreadWallet.xcdatamodeld */ = {
			isa = XCVersionGroup;
			children = (
				759AB7F71AB8F45900303AAB /* BreadWallet 2.xcdatamodel */,
				752E2899192349CE00DB5A3C /* BreadWallet.xcdatamodel */,
			);
			currentVersion = 759AB7F71AB8F45900303AAB /* BreadWallet 2.xcdatamodel */;
			path = BreadWallet.xcdatamodeld;
			sourceTree = "<group>";
			versionGroupType = wrapper.xcdatamodel;
		};
/* End XCVersionGroup section */
	};
	rootObject = 75D5F3B6191EC270004AB296 /* Project object */;
}
