{
  "originHash": "cecc72572cc422aa0d68b46e2be53c36997e822a15e2da6434836b8dda9e4934",
  "pins": [
    {
      "identity": "dashuikit",
      "kind": "remoteSourceControl",
      "location": "https://github.com/dashpay/DashUIKit",
      "state": {
        "branch": "master",
        "revision": "88bf41f3c3e8c66bf7ac653841643d4a4bed2444"
      }
    }
  ],
  "version": 3
}
