{
  "originHash": "2b9d5280ec4645105debdfd588a911137d45333db7102b1ec79310afb20db9cc",
  "pins": [
    {
      "identity": "dashuikit",
      "kind": "remoteSourceControl",
      "location": "https://github.com/dashpay/DashUIKit",
      "state": {
        "branch": "master",
        "revision": "83cf65a84834f6a7a1f0a82446ea1258ea86f37d"
      }
    }
  ],
  "version": 3
}
