{
  "originHash": "cecc72572cc422aa0d68b46e2be53c36997e822a15e2da6434836b8dda9e4934",
  "pins": [
    {
      "identity": "dashuikit",
      "kind": "remoteSourceControl",
      "location": "https://github.com/dashpay/DashUIKit",
      "state": {
        "branch": "feat/amount-accessory-icon",
        "revision": "499abc26b4e10b7f7f12d67d58c3e3b0486ec26d"
      }
    }
  ],
  "version": 3
}
